
Microsoft Visual Studio Solution File, Format Version 12.00
# Visual Studio 14
VisualStudioVersion = 14.0.25420.1
MinimumVisualStudioVersion = 10.0.40219.1
Project("{FAE04EC0-301F-11D3-BF4B-00C04F79EFBC}") = "Canaan.Dados", "Canaan.Dados\Canaan.Dados.csproj", "{369FE6A1-E2F8-4035-9631-7459616FFFFC}"
EndProject
Project("{FAE04EC0-301F-11D3-BF4B-00C04F79EFBC}") = "Canaan.Lib", "Canaan.Lib\Canaan.Lib.csproj", "{B0CC386C-F0BD-489C-BB0B-05216D2D24EA}"
EndProject
Project("{FAE04EC0-301F-11D3-BF4B-00C04F79EFBC}") = "Canaan.WinApp", "Canaan.WinApp\Canaan.WinApp.csproj", "{46568AC8-A42E-4560-84A7-56FB2FDC9812}"
EndProject
Project("{FAE04EC0-301F-11D3-BF4B-00C04F79EFBC}") = "Canaan.Telas", "Canaan.Telas\Canaan.Telas.csproj", "{91149BD4-202A-4536-B86E-323862D73A55}"
EndProject
Project("{FAE04EC0-301F-11D3-BF4B-00C04F79EFBC}") = "Canaan.Relatorios", "Canaan.Relatorios\Canaan.Relatorios.csproj", "{E2975146-B4DC-494C-B0B2-FF8A4AFEFA63}"
EndProject
Project("{FAE04EC0-301F-11D3-BF4B-00C04F79EFBC}") = "Canaan.Servicos", "Canaan.Servicos\Canaan.Servicos.csproj", "{221CE654-1A02-4B58-B887-A439B3C4DACB}"
EndProject
Project("{FAE04EC0-301F-11D3-BF4B-00C04F79EFBC}") = "Canaan.Tests", "Canaan.Tests\Canaan.Tests.csproj", "{A8CCBBA9-57EB-47E2-B96F-B757E4B696A5}"
EndProject
Project("{2150E333-8FDC-42A3-9474-1A3956D46DE8}") = "CService", "CService", "{F210D292-2EB1-4F49-B7B7-0494A00CE4A3}"
EndProject
Project("{FAE04EC0-301F-11D3-BF4B-00C04F79EFBC}") = "Canaan.CService.Dados", "Canaan.Cservice.Dados\Canaan.CService.Dados.csproj", "{3F570C6C-6DB7-485D-8A19-89E05DD8824D}"
EndProject
Project("{FAE04EC0-301F-11D3-BF4B-00C04F79EFBC}") = "Canaan.CService.Lib", "Canaan.CService.Lib\Canaan.CService.Lib.csproj", "{6779A99B-AAF6-45F2-AC59-EEE8715F6E94}"
EndProject
Project("{2150E333-8FDC-42A3-9474-1A3956D46DE8}") = "RM", "RM", "{0536CAC4-C6C9-4199-9EC5-926025DE9BD0}"
EndProject
Project("{FAE04EC0-301F-11D3-BF4B-00C04F79EFBC}") = "RM.Dados", "..\RM\RM.Dados\RM.Dados.csproj", "{48CE4FD7-CFF0-4BEF-A4F2-794309FC0EB3}"
EndProject
Project("{FAE04EC0-301F-11D3-BF4B-00C04F79EFBC}") = "RM.Lib", "..\RM\RM.Lib\RM.Lib.csproj", "{BBB4FEBE-8007-47E5-902B-C4E7027681E0}"
EndProject
Project("{2150E333-8FDC-42A3-9474-1A3956D46DE8}") = "CPanel", "CPanel", "{D4A22F79-E439-44ED-A861-27E35CD29485}"
EndProject
Project("{FAE04EC0-301F-11D3-BF4B-00C04F79EFBC}") = "CPanel.Dados", "..\CPanel\Biblioteca\CPanel.Dados\CPanel.Dados.csproj", "{361A8C7A-F62B-4FDB-A4DD-F916955F58DD}"
EndProject
Project("{FAE04EC0-301F-11D3-BF4B-00C04F79EFBC}") = "CPanel.Lib", "..\CPanel\Biblioteca\CPanel.Lib\CPanel.Lib.csproj", "{514B8987-5352-4A2A-B42C-DE27E0750308}"
EndProject
Project("{2150E333-8FDC-42A3-9474-1A3956D46DE8}") = "CEnvio", "CEnvio", "{0FD1FB3E-337C-41D3-9BFE-A7638FE1F419}"
EndProject
Project("{FAE04EC0-301F-11D3-BF4B-00C04F79EFBC}") = "Canaan.Envio", "Canaan.Envio\Canaan.Envio.csproj", "{C74737CF-9837-4D88-868D-B740697A53EE}"
EndProject
Global
	GlobalSection(SolutionConfigurationPlatforms) = preSolution
		Debug|Android = Debug|Android
		Debug|Any CPU = Debug|Any CPU
		Debug|iOS = Debug|iOS
		Debug|Mixed Platforms = Debug|Mixed Platforms
		Debug|Windows Phone (Universal) = Debug|Windows Phone (Universal)
		Debug|Windows Phone 8 = Debug|Windows Phone 8
		Debug|Windows-AnyCPU = Debug|Windows-AnyCPU
		Debug|Windows-ARM = Debug|Windows-ARM
		Debug|Windows-x64 = Debug|Windows-x64
		Debug|Windows-x86 = Debug|Windows-x86
		Distribution|Android = Distribution|Android
		Distribution|Any CPU = Distribution|Any CPU
		Distribution|iOS = Distribution|iOS
		Distribution|Mixed Platforms = Distribution|Mixed Platforms
		Distribution|Windows Phone (Universal) = Distribution|Windows Phone (Universal)
		Distribution|Windows Phone 8 = Distribution|Windows Phone 8
		Distribution|Windows-AnyCPU = Distribution|Windows-AnyCPU
		Distribution|Windows-ARM = Distribution|Windows-ARM
		Distribution|Windows-x64 = Distribution|Windows-x64
		Distribution|Windows-x86 = Distribution|Windows-x86
		Release|Android = Release|Android
		Release|Any CPU = Release|Any CPU
		Release|iOS = Release|iOS
		Release|Mixed Platforms = Release|Mixed Platforms
		Release|Windows Phone (Universal) = Release|Windows Phone (Universal)
		Release|Windows Phone 8 = Release|Windows Phone 8
		Release|Windows-AnyCPU = Release|Windows-AnyCPU
		Release|Windows-ARM = Release|Windows-ARM
		Release|Windows-x64 = Release|Windows-x64
		Release|Windows-x86 = Release|Windows-x86
	EndGlobalSection
	GlobalSection(ProjectConfigurationPlatforms) = postSolution
		{369FE6A1-E2F8-4035-9631-7459616FFFFC}.Debug|Android.ActiveCfg = Debug|Any CPU
		{369FE6A1-E2F8-4035-9631-7459616FFFFC}.Debug|Any CPU.ActiveCfg = Debug|Any CPU
		{369FE6A1-E2F8-4035-9631-7459616FFFFC}.Debug|Any CPU.Build.0 = Debug|Any CPU
		{369FE6A1-E2F8-4035-9631-7459616FFFFC}.Debug|iOS.ActiveCfg = Debug|Any CPU
		{369FE6A1-E2F8-4035-9631-7459616FFFFC}.Debug|Mixed Platforms.ActiveCfg = Debug|Any CPU
		{369FE6A1-E2F8-4035-9631-7459616FFFFC}.Debug|Mixed Platforms.Build.0 = Debug|Any CPU
		{369FE6A1-E2F8-4035-9631-7459616FFFFC}.Debug|Windows Phone (Universal).ActiveCfg = Debug|Any CPU
		{369FE6A1-E2F8-4035-9631-7459616FFFFC}.Debug|Windows Phone 8.ActiveCfg = Debug|Any CPU
		{369FE6A1-E2F8-4035-9631-7459616FFFFC}.Debug|Windows-AnyCPU.ActiveCfg = Debug|Any CPU
		{369FE6A1-E2F8-4035-9631-7459616FFFFC}.Debug|Windows-ARM.ActiveCfg = Debug|Any CPU
		{369FE6A1-E2F8-4035-9631-7459616FFFFC}.Debug|Windows-x64.ActiveCfg = Debug|Any CPU
		{369FE6A1-E2F8-4035-9631-7459616FFFFC}.Debug|Windows-x86.ActiveCfg = Debug|Any CPU
		{369FE6A1-E2F8-4035-9631-7459616FFFFC}.Distribution|Android.ActiveCfg = Debug|Any CPU
		{369FE6A1-E2F8-4035-9631-7459616FFFFC}.Distribution|Any CPU.ActiveCfg = Debug|Any CPU
		{369FE6A1-E2F8-4035-9631-7459616FFFFC}.Distribution|Any CPU.Build.0 = Debug|Any CPU
		{369FE6A1-E2F8-4035-9631-7459616FFFFC}.Distribution|iOS.ActiveCfg = Debug|Any CPU
		{369FE6A1-E2F8-4035-9631-7459616FFFFC}.Distribution|Mixed Platforms.ActiveCfg = Debug|Any CPU
		{369FE6A1-E2F8-4035-9631-7459616FFFFC}.Distribution|Mixed Platforms.Build.0 = Debug|Any CPU
		{369FE6A1-E2F8-4035-9631-7459616FFFFC}.Distribution|Windows Phone (Universal).ActiveCfg = Debug|Any CPU
		{369FE6A1-E2F8-4035-9631-7459616FFFFC}.Distribution|Windows Phone 8.ActiveCfg = Debug|Any CPU
		{369FE6A1-E2F8-4035-9631-7459616FFFFC}.Distribution|Windows-AnyCPU.ActiveCfg = Debug|Any CPU
		{369FE6A1-E2F8-4035-9631-7459616FFFFC}.Distribution|Windows-ARM.ActiveCfg = Debug|Any CPU
		{369FE6A1-E2F8-4035-9631-7459616FFFFC}.Distribution|Windows-x64.ActiveCfg = Debug|Any CPU
		{369FE6A1-E2F8-4035-9631-7459616FFFFC}.Distribution|Windows-x86.ActiveCfg = Debug|Any CPU
		{369FE6A1-E2F8-4035-9631-7459616FFFFC}.Release|Android.ActiveCfg = Release|Any CPU
		{369FE6A1-E2F8-4035-9631-7459616FFFFC}.Release|Any CPU.ActiveCfg = Release|Any CPU
		{369FE6A1-E2F8-4035-9631-7459616FFFFC}.Release|Any CPU.Build.0 = Release|Any CPU
		{369FE6A1-E2F8-4035-9631-7459616FFFFC}.Release|iOS.ActiveCfg = Release|Any CPU
		{369FE6A1-E2F8-4035-9631-7459616FFFFC}.Release|Mixed Platforms.ActiveCfg = Release|Any CPU
		{369FE6A1-E2F8-4035-9631-7459616FFFFC}.Release|Mixed Platforms.Build.0 = Release|Any CPU
		{369FE6A1-E2F8-4035-9631-7459616FFFFC}.Release|Windows Phone (Universal).ActiveCfg = Release|Any CPU
		{369FE6A1-E2F8-4035-9631-7459616FFFFC}.Release|Windows Phone 8.ActiveCfg = Release|Any CPU
		{369FE6A1-E2F8-4035-9631-7459616FFFFC}.Release|Windows-AnyCPU.ActiveCfg = Release|Any CPU
		{369FE6A1-E2F8-4035-9631-7459616FFFFC}.Release|Windows-ARM.ActiveCfg = Release|Any CPU
		{369FE6A1-E2F8-4035-9631-7459616FFFFC}.Release|Windows-x64.ActiveCfg = Release|Any CPU
		{369FE6A1-E2F8-4035-9631-7459616FFFFC}.Release|Windows-x86.ActiveCfg = Release|Any CPU
		{B0CC386C-F0BD-489C-BB0B-05216D2D24EA}.Debug|Android.ActiveCfg = Debug|Any CPU
		{B0CC386C-F0BD-489C-BB0B-05216D2D24EA}.Debug|Any CPU.ActiveCfg = Debug|Any CPU
		{B0CC386C-F0BD-489C-BB0B-05216D2D24EA}.Debug|Any CPU.Build.0 = Debug|Any CPU
		{B0CC386C-F0BD-489C-BB0B-05216D2D24EA}.Debug|iOS.ActiveCfg = Debug|Any CPU
		{B0CC386C-F0BD-489C-BB0B-05216D2D24EA}.Debug|Mixed Platforms.ActiveCfg = Debug|Any CPU
		{B0CC386C-F0BD-489C-BB0B-05216D2D24EA}.Debug|Mixed Platforms.Build.0 = Debug|Any CPU
		{B0CC386C-F0BD-489C-BB0B-05216D2D24EA}.Debug|Windows Phone (Universal).ActiveCfg = Debug|Any CPU
		{B0CC386C-F0BD-489C-BB0B-05216D2D24EA}.Debug|Windows Phone 8.ActiveCfg = Debug|Any CPU
		{B0CC386C-F0BD-489C-BB0B-05216D2D24EA}.Debug|Windows-AnyCPU.ActiveCfg = Debug|Any CPU
		{B0CC386C-F0BD-489C-BB0B-05216D2D24EA}.Debug|Windows-ARM.ActiveCfg = Debug|Any CPU
		{B0CC386C-F0BD-489C-BB0B-05216D2D24EA}.Debug|Windows-x64.ActiveCfg = Debug|Any CPU
		{B0CC386C-F0BD-489C-BB0B-05216D2D24EA}.Debug|Windows-x86.ActiveCfg = Debug|Any CPU
		{B0CC386C-F0BD-489C-BB0B-05216D2D24EA}.Distribution|Android.ActiveCfg = Debug|Any CPU
		{B0CC386C-F0BD-489C-BB0B-05216D2D24EA}.Distribution|Any CPU.ActiveCfg = Debug|Any CPU
		{B0CC386C-F0BD-489C-BB0B-05216D2D24EA}.Distribution|Any CPU.Build.0 = Debug|Any CPU
		{B0CC386C-F0BD-489C-BB0B-05216D2D24EA}.Distribution|iOS.ActiveCfg = Debug|Any CPU
		{B0CC386C-F0BD-489C-BB0B-05216D2D24EA}.Distribution|Mixed Platforms.ActiveCfg = Debug|Any CPU
		{B0CC386C-F0BD-489C-BB0B-05216D2D24EA}.Distribution|Mixed Platforms.Build.0 = Debug|Any CPU
		{B0CC386C-F0BD-489C-BB0B-05216D2D24EA}.Distribution|Windows Phone (Universal).ActiveCfg = Debug|Any CPU
		{B0CC386C-F0BD-489C-BB0B-05216D2D24EA}.Distribution|Windows Phone 8.ActiveCfg = Debug|Any CPU
		{B0CC386C-F0BD-489C-BB0B-05216D2D24EA}.Distribution|Windows-AnyCPU.ActiveCfg = Debug|Any CPU
		{B0CC386C-F0BD-489C-BB0B-05216D2D24EA}.Distribution|Windows-ARM.ActiveCfg = Debug|Any CPU
		{B0CC386C-F0BD-489C-BB0B-05216D2D24EA}.Distribution|Windows-x64.ActiveCfg = Debug|Any CPU
		{B0CC386C-F0BD-489C-BB0B-05216D2D24EA}.Distribution|Windows-x86.ActiveCfg = Debug|Any CPU
		{B0CC386C-F0BD-489C-BB0B-05216D2D24EA}.Release|Android.ActiveCfg = Release|Any CPU
		{B0CC386C-F0BD-489C-BB0B-05216D2D24EA}.Release|Any CPU.ActiveCfg = Release|Any CPU
		{B0CC386C-F0BD-489C-BB0B-05216D2D24EA}.Release|Any CPU.Build.0 = Release|Any CPU
		{B0CC386C-F0BD-489C-BB0B-05216D2D24EA}.Release|iOS.ActiveCfg = Release|Any CPU
		{B0CC386C-F0BD-489C-BB0B-05216D2D24EA}.Release|Mixed Platforms.ActiveCfg = Release|Any CPU
		{B0CC386C-F0BD-489C-BB0B-05216D2D24EA}.Release|Mixed Platforms.Build.0 = Release|Any CPU
		{B0CC386C-F0BD-489C-BB0B-05216D2D24EA}.Release|Windows Phone (Universal).ActiveCfg = Release|Any CPU
		{B0CC386C-F0BD-489C-BB0B-05216D2D24EA}.Release|Windows Phone 8.ActiveCfg = Release|Any CPU
		{B0CC386C-F0BD-489C-BB0B-05216D2D24EA}.Release|Windows-AnyCPU.ActiveCfg = Release|Any CPU
		{B0CC386C-F0BD-489C-BB0B-05216D2D24EA}.Release|Windows-ARM.ActiveCfg = Release|Any CPU
		{B0CC386C-F0BD-489C-BB0B-05216D2D24EA}.Release|Windows-x64.ActiveCfg = Release|Any CPU
		{B0CC386C-F0BD-489C-BB0B-05216D2D24EA}.Release|Windows-x86.ActiveCfg = Release|Any CPU
		{46568AC8-A42E-4560-84A7-56FB2FDC9812}.Debug|Android.ActiveCfg = Debug|Any CPU
		{46568AC8-A42E-4560-84A7-56FB2FDC9812}.Debug|Any CPU.ActiveCfg = Debug|Any CPU
		{46568AC8-A42E-4560-84A7-56FB2FDC9812}.Debug|Any CPU.Build.0 = Debug|Any CPU
		{46568AC8-A42E-4560-84A7-56FB2FDC9812}.Debug|iOS.ActiveCfg = Debug|Any CPU
		{46568AC8-A42E-4560-84A7-56FB2FDC9812}.Debug|Mixed Platforms.ActiveCfg = Debug|Any CPU
		{46568AC8-A42E-4560-84A7-56FB2FDC9812}.Debug|Mixed Platforms.Build.0 = Debug|Any CPU
		{46568AC8-A42E-4560-84A7-56FB2FDC9812}.Debug|Windows Phone (Universal).ActiveCfg = Debug|Any CPU
		{46568AC8-A42E-4560-84A7-56FB2FDC9812}.Debug|Windows Phone 8.ActiveCfg = Debug|Any CPU
		{46568AC8-A42E-4560-84A7-56FB2FDC9812}.Debug|Windows-AnyCPU.ActiveCfg = Debug|Any CPU
		{46568AC8-A42E-4560-84A7-56FB2FDC9812}.Debug|Windows-ARM.ActiveCfg = Debug|Any CPU
		{46568AC8-A42E-4560-84A7-56FB2FDC9812}.Debug|Windows-x64.ActiveCfg = Debug|Any CPU
		{46568AC8-A42E-4560-84A7-56FB2FDC9812}.Debug|Windows-x86.ActiveCfg = Debug|Any CPU
		{46568AC8-A42E-4560-84A7-56FB2FDC9812}.Distribution|Android.ActiveCfg = Debug|Any CPU
		{46568AC8-A42E-4560-84A7-56FB2FDC9812}.Distribution|Any CPU.ActiveCfg = Debug|Any CPU
		{46568AC8-A42E-4560-84A7-56FB2FDC9812}.Distribution|Any CPU.Build.0 = Debug|Any CPU
		{46568AC8-A42E-4560-84A7-56FB2FDC9812}.Distribution|iOS.ActiveCfg = Debug|Any CPU
		{46568AC8-A42E-4560-84A7-56FB2FDC9812}.Distribution|Mixed Platforms.ActiveCfg = Debug|Any CPU
		{46568AC8-A42E-4560-84A7-56FB2FDC9812}.Distribution|Mixed Platforms.Build.0 = Debug|Any CPU
		{46568AC8-A42E-4560-84A7-56FB2FDC9812}.Distribution|Windows Phone (Universal).ActiveCfg = Debug|Any CPU
		{46568AC8-A42E-4560-84A7-56FB2FDC9812}.Distribution|Windows Phone 8.ActiveCfg = Debug|Any CPU
		{46568AC8-A42E-4560-84A7-56FB2FDC9812}.Distribution|Windows-AnyCPU.ActiveCfg = Debug|Any CPU
		{46568AC8-A42E-4560-84A7-56FB2FDC9812}.Distribution|Windows-ARM.ActiveCfg = Debug|Any CPU
		{46568AC8-A42E-4560-84A7-56FB2FDC9812}.Distribution|Windows-x64.ActiveCfg = Debug|Any CPU
		{46568AC8-A42E-4560-84A7-56FB2FDC9812}.Distribution|Windows-x86.ActiveCfg = Debug|Any CPU
		{46568AC8-A42E-4560-84A7-56FB2FDC9812}.Release|Android.ActiveCfg = Release|Any CPU
		{46568AC8-A42E-4560-84A7-56FB2FDC9812}.Release|Any CPU.ActiveCfg = Release|Any CPU
		{46568AC8-A42E-4560-84A7-56FB2FDC9812}.Release|Any CPU.Build.0 = Release|Any CPU
		{46568AC8-A42E-4560-84A7-56FB2FDC9812}.Release|iOS.ActiveCfg = Release|Any CPU
		{46568AC8-A42E-4560-84A7-56FB2FDC9812}.Release|Mixed Platforms.ActiveCfg = Release|Any CPU
		{46568AC8-A42E-4560-84A7-56FB2FDC9812}.Release|Mixed Platforms.Build.0 = Release|Any CPU
		{46568AC8-A42E-4560-84A7-56FB2FDC9812}.Release|Windows Phone (Universal).ActiveCfg = Release|Any CPU
		{46568AC8-A42E-4560-84A7-56FB2FDC9812}.Release|Windows Phone 8.ActiveCfg = Release|Any CPU
		{46568AC8-A42E-4560-84A7-56FB2FDC9812}.Release|Windows-AnyCPU.ActiveCfg = Release|Any CPU
		{46568AC8-A42E-4560-84A7-56FB2FDC9812}.Release|Windows-ARM.ActiveCfg = Release|Any CPU
		{46568AC8-A42E-4560-84A7-56FB2FDC9812}.Release|Windows-x64.ActiveCfg = Release|Any CPU
		{46568AC8-A42E-4560-84A7-56FB2FDC9812}.Release|Windows-x86.ActiveCfg = Release|Any CPU
		{91149BD4-202A-4536-B86E-323862D73A55}.Debug|Android.ActiveCfg = Debug|Any CPU
		{91149BD4-202A-4536-B86E-323862D73A55}.Debug|Any CPU.ActiveCfg = Debug|Any CPU
		{91149BD4-202A-4536-B86E-323862D73A55}.Debug|Any CPU.Build.0 = Debug|Any CPU
		{91149BD4-202A-4536-B86E-323862D73A55}.Debug|iOS.ActiveCfg = Debug|Any CPU
		{91149BD4-202A-4536-B86E-323862D73A55}.Debug|Mixed Platforms.ActiveCfg = Debug|Any CPU
		{91149BD4-202A-4536-B86E-323862D73A55}.Debug|Mixed Platforms.Build.0 = Debug|Any CPU
		{91149BD4-202A-4536-B86E-323862D73A55}.Debug|Windows Phone (Universal).ActiveCfg = Debug|Any CPU
		{91149BD4-202A-4536-B86E-323862D73A55}.Debug|Windows Phone 8.ActiveCfg = Debug|Any CPU
		{91149BD4-202A-4536-B86E-323862D73A55}.Debug|Windows-AnyCPU.ActiveCfg = Debug|Any CPU
		{91149BD4-202A-4536-B86E-323862D73A55}.Debug|Windows-ARM.ActiveCfg = Debug|Any CPU
		{91149BD4-202A-4536-B86E-323862D73A55}.Debug|Windows-x64.ActiveCfg = Debug|Any CPU
		{91149BD4-202A-4536-B86E-323862D73A55}.Debug|Windows-x86.ActiveCfg = Debug|Any CPU
		{91149BD4-202A-4536-B86E-323862D73A55}.Distribution|Android.ActiveCfg = Debug|Any CPU
		{91149BD4-202A-4536-B86E-323862D73A55}.Distribution|Any CPU.ActiveCfg = Debug|Any CPU
		{91149BD4-202A-4536-B86E-323862D73A55}.Distribution|Any CPU.Build.0 = Debug|Any CPU
		{91149BD4-202A-4536-B86E-323862D73A55}.Distribution|iOS.ActiveCfg = Debug|Any CPU
		{91149BD4-202A-4536-B86E-323862D73A55}.Distribution|Mixed Platforms.ActiveCfg = Debug|Any CPU
		{91149BD4-202A-4536-B86E-323862D73A55}.Distribution|Mixed Platforms.Build.0 = Debug|Any CPU
		{91149BD4-202A-4536-B86E-323862D73A55}.Distribution|Windows Phone (Universal).ActiveCfg = Debug|Any CPU
		{91149BD4-202A-4536-B86E-323862D73A55}.Distribution|Windows Phone 8.ActiveCfg = Debug|Any CPU
		{91149BD4-202A-4536-B86E-323862D73A55}.Distribution|Windows-AnyCPU.ActiveCfg = Debug|Any CPU
		{91149BD4-202A-4536-B86E-323862D73A55}.Distribution|Windows-ARM.ActiveCfg = Debug|Any CPU
		{91149BD4-202A-4536-B86E-323862D73A55}.Distribution|Windows-x64.ActiveCfg = Debug|Any CPU
		{91149BD4-202A-4536-B86E-323862D73A55}.Distribution|Windows-x86.ActiveCfg = Debug|Any CPU
		{91149BD4-202A-4536-B86E-323862D73A55}.Release|Android.ActiveCfg = Release|Any CPU
		{91149BD4-202A-4536-B86E-323862D73A55}.Release|Any CPU.ActiveCfg = Release|Any CPU
		{91149BD4-202A-4536-B86E-323862D73A55}.Release|Any CPU.Build.0 = Release|Any CPU
		{91149BD4-202A-4536-B86E-323862D73A55}.Release|iOS.ActiveCfg = Release|Any CPU
		{91149BD4-202A-4536-B86E-323862D73A55}.Release|Mixed Platforms.ActiveCfg = Release|Any CPU
		{91149BD4-202A-4536-B86E-323862D73A55}.Release|Mixed Platforms.Build.0 = Release|Any CPU
		{91149BD4-202A-4536-B86E-323862D73A55}.Release|Windows Phone (Universal).ActiveCfg = Release|Any CPU
		{91149BD4-202A-4536-B86E-323862D73A55}.Release|Windows Phone 8.ActiveCfg = Release|Any CPU
		{91149BD4-202A-4536-B86E-323862D73A55}.Release|Windows-AnyCPU.ActiveCfg = Release|Any CPU
		{91149BD4-202A-4536-B86E-323862D73A55}.Release|Windows-ARM.ActiveCfg = Release|Any CPU
		{91149BD4-202A-4536-B86E-323862D73A55}.Release|Windows-x64.ActiveCfg = Release|Any CPU
		{91149BD4-202A-4536-B86E-323862D73A55}.Release|Windows-x86.ActiveCfg = Release|Any CPU
		{E2975146-B4DC-494C-B0B2-FF8A4AFEFA63}.Debug|Android.ActiveCfg = Debug|Any CPU
		{E2975146-B4DC-494C-B0B2-FF8A4AFEFA63}.Debug|Any CPU.ActiveCfg = Debug|Any CPU
		{E2975146-B4DC-494C-B0B2-FF8A4AFEFA63}.Debug|Any CPU.Build.0 = Debug|Any CPU
		{E2975146-B4DC-494C-B0B2-FF8A4AFEFA63}.Debug|iOS.ActiveCfg = Debug|Any CPU
		{E2975146-B4DC-494C-B0B2-FF8A4AFEFA63}.Debug|Mixed Platforms.ActiveCfg = Debug|Any CPU
		{E2975146-B4DC-494C-B0B2-FF8A4AFEFA63}.Debug|Mixed Platforms.Build.0 = Debug|Any CPU
		{E2975146-B4DC-494C-B0B2-FF8A4AFEFA63}.Debug|Windows Phone (Universal).ActiveCfg = Debug|Any CPU
		{E2975146-B4DC-494C-B0B2-FF8A4AFEFA63}.Debug|Windows Phone 8.ActiveCfg = Debug|Any CPU
		{E2975146-B4DC-494C-B0B2-FF8A4AFEFA63}.Debug|Windows-AnyCPU.ActiveCfg = Debug|Any CPU
		{E2975146-B4DC-494C-B0B2-FF8A4AFEFA63}.Debug|Windows-ARM.ActiveCfg = Debug|Any CPU
		{E2975146-B4DC-494C-B0B2-FF8A4AFEFA63}.Debug|Windows-x64.ActiveCfg = Debug|Any CPU
		{E2975146-B4DC-494C-B0B2-FF8A4AFEFA63}.Debug|Windows-x86.ActiveCfg = Debug|Any CPU
		{E2975146-B4DC-494C-B0B2-FF8A4AFEFA63}.Distribution|Android.ActiveCfg = Debug|Any CPU
		{E2975146-B4DC-494C-B0B2-FF8A4AFEFA63}.Distribution|Any CPU.ActiveCfg = Debug|Any CPU
		{E2975146-B4DC-494C-B0B2-FF8A4AFEFA63}.Distribution|Any CPU.Build.0 = Debug|Any CPU
		{E2975146-B4DC-494C-B0B2-FF8A4AFEFA63}.Distribution|iOS.ActiveCfg = Debug|Any CPU
		{E2975146-B4DC-494C-B0B2-FF8A4AFEFA63}.Distribution|Mixed Platforms.ActiveCfg = Debug|Any CPU
		{E2975146-B4DC-494C-B0B2-FF8A4AFEFA63}.Distribution|Mixed Platforms.Build.0 = Debug|Any CPU
		{E2975146-B4DC-494C-B0B2-FF8A4AFEFA63}.Distribution|Windows Phone (Universal).ActiveCfg = Debug|Any CPU
		{E2975146-B4DC-494C-B0B2-FF8A4AFEFA63}.Distribution|Windows Phone 8.ActiveCfg = Debug|Any CPU
		{E2975146-B4DC-494C-B0B2-FF8A4AFEFA63}.Distribution|Windows-AnyCPU.ActiveCfg = Debug|Any CPU
		{E2975146-B4DC-494C-B0B2-FF8A4AFEFA63}.Distribution|Windows-ARM.ActiveCfg = Debug|Any CPU
		{E2975146-B4DC-494C-B0B2-FF8A4AFEFA63}.Distribution|Windows-x64.ActiveCfg = Debug|Any CPU
		{E2975146-B4DC-494C-B0B2-FF8A4AFEFA63}.Distribution|Windows-x86.ActiveCfg = Debug|Any CPU
		{E2975146-B4DC-494C-B0B2-FF8A4AFEFA63}.Release|Android.ActiveCfg = Release|Any CPU
		{E2975146-B4DC-494C-B0B2-FF8A4AFEFA63}.Release|Any CPU.ActiveCfg = Release|Any CPU
		{E2975146-B4DC-494C-B0B2-FF8A4AFEFA63}.Release|Any CPU.Build.0 = Release|Any CPU
		{E2975146-B4DC-494C-B0B2-FF8A4AFEFA63}.Release|iOS.ActiveCfg = Release|Any CPU
		{E2975146-B4DC-494C-B0B2-FF8A4AFEFA63}.Release|Mixed Platforms.ActiveCfg = Release|Any CPU
		{E2975146-B4DC-494C-B0B2-FF8A4AFEFA63}.Release|Mixed Platforms.Build.0 = Release|Any CPU
		{E2975146-B4DC-494C-B0B2-FF8A4AFEFA63}.Release|Windows Phone (Universal).ActiveCfg = Release|Any CPU
		{E2975146-B4DC-494C-B0B2-FF8A4AFEFA63}.Release|Windows Phone 8.ActiveCfg = Release|Any CPU
		{E2975146-B4DC-494C-B0B2-FF8A4AFEFA63}.Release|Windows-AnyCPU.ActiveCfg = Release|Any CPU
		{E2975146-B4DC-494C-B0B2-FF8A4AFEFA63}.Release|Windows-ARM.ActiveCfg = Release|Any CPU
		{E2975146-B4DC-494C-B0B2-FF8A4AFEFA63}.Release|Windows-x64.ActiveCfg = Release|Any CPU
		{E2975146-B4DC-494C-B0B2-FF8A4AFEFA63}.Release|Windows-x86.ActiveCfg = Release|Any CPU
		{221CE654-1A02-4B58-B887-A439B3C4DACB}.Debug|Android.ActiveCfg = Debug|Any CPU
		{221CE654-1A02-4B58-B887-A439B3C4DACB}.Debug|Android.Build.0 = Debug|Any CPU
		{221CE654-1A02-4B58-B887-A439B3C4DACB}.Debug|Any CPU.ActiveCfg = Debug|Any CPU
		{221CE654-1A02-4B58-B887-A439B3C4DACB}.Debug|Any CPU.Build.0 = Debug|Any CPU
		{221CE654-1A02-4B58-B887-A439B3C4DACB}.Debug|iOS.ActiveCfg = Debug|Any CPU
		{221CE654-1A02-4B58-B887-A439B3C4DACB}.Debug|iOS.Build.0 = Debug|Any CPU
		{221CE654-1A02-4B58-B887-A439B3C4DACB}.Debug|Mixed Platforms.ActiveCfg = Debug|Any CPU
		{221CE654-1A02-4B58-B887-A439B3C4DACB}.Debug|Mixed Platforms.Build.0 = Debug|Any CPU
		{221CE654-1A02-4B58-B887-A439B3C4DACB}.Debug|Windows Phone (Universal).ActiveCfg = Debug|Any CPU
		{221CE654-1A02-4B58-B887-A439B3C4DACB}.Debug|Windows Phone (Universal).Build.0 = Debug|Any CPU
		{221CE654-1A02-4B58-B887-A439B3C4DACB}.Debug|Windows Phone 8.ActiveCfg = Debug|Any CPU
		{221CE654-1A02-4B58-B887-A439B3C4DACB}.Debug|Windows Phone 8.Build.0 = Debug|Any CPU
		{221CE654-1A02-4B58-B887-A439B3C4DACB}.Debug|Windows-AnyCPU.ActiveCfg = Debug|Any CPU
		{221CE654-1A02-4B58-B887-A439B3C4DACB}.Debug|Windows-AnyCPU.Build.0 = Debug|Any CPU
		{221CE654-1A02-4B58-B887-A439B3C4DACB}.Debug|Windows-ARM.ActiveCfg = Debug|Any CPU
		{221CE654-1A02-4B58-B887-A439B3C4DACB}.Debug|Windows-ARM.Build.0 = Debug|Any CPU
		{221CE654-1A02-4B58-B887-A439B3C4DACB}.Debug|Windows-x64.ActiveCfg = Debug|Any CPU
		{221CE654-1A02-4B58-B887-A439B3C4DACB}.Debug|Windows-x64.Build.0 = Debug|Any CPU
		{221CE654-1A02-4B58-B887-A439B3C4DACB}.Debug|Windows-x86.ActiveCfg = Debug|Any CPU
		{221CE654-1A02-4B58-B887-A439B3C4DACB}.Debug|Windows-x86.Build.0 = Debug|Any CPU
		{221CE654-1A02-4B58-B887-A439B3C4DACB}.Distribution|Android.ActiveCfg = Debug|Any CPU
		{221CE654-1A02-4B58-B887-A439B3C4DACB}.Distribution|Android.Build.0 = Debug|Any CPU
		{221CE654-1A02-4B58-B887-A439B3C4DACB}.Distribution|Any CPU.ActiveCfg = Debug|Any CPU
		{221CE654-1A02-4B58-B887-A439B3C4DACB}.Distribution|Any CPU.Build.0 = Debug|Any CPU
		{221CE654-1A02-4B58-B887-A439B3C4DACB}.Distribution|iOS.ActiveCfg = Debug|Any CPU
		{221CE654-1A02-4B58-B887-A439B3C4DACB}.Distribution|iOS.Build.0 = Debug|Any CPU
		{221CE654-1A02-4B58-B887-A439B3C4DACB}.Distribution|Mixed Platforms.ActiveCfg = Debug|Any CPU
		{221CE654-1A02-4B58-B887-A439B3C4DACB}.Distribution|Mixed Platforms.Build.0 = Debug|Any CPU
		{221CE654-1A02-4B58-B887-A439B3C4DACB}.Distribution|Windows Phone (Universal).ActiveCfg = Debug|Any CPU
		{221CE654-1A02-4B58-B887-A439B3C4DACB}.Distribution|Windows Phone (Universal).Build.0 = Debug|Any CPU
		{221CE654-1A02-4B58-B887-A439B3C4DACB}.Distribution|Windows Phone 8.ActiveCfg = Debug|Any CPU
		{221CE654-1A02-4B58-B887-A439B3C4DACB}.Distribution|Windows Phone 8.Build.0 = Debug|Any CPU
		{221CE654-1A02-4B58-B887-A439B3C4DACB}.Distribution|Windows-AnyCPU.ActiveCfg = Debug|Any CPU
		{221CE654-1A02-4B58-B887-A439B3C4DACB}.Distribution|Windows-AnyCPU.Build.0 = Debug|Any CPU
		{221CE654-1A02-4B58-B887-A439B3C4DACB}.Distribution|Windows-ARM.ActiveCfg = Debug|Any CPU
		{221CE654-1A02-4B58-B887-A439B3C4DACB}.Distribution|Windows-ARM.Build.0 = Debug|Any CPU
		{221CE654-1A02-4B58-B887-A439B3C4DACB}.Distribution|Windows-x64.ActiveCfg = Debug|Any CPU
		{221CE654-1A02-4B58-B887-A439B3C4DACB}.Distribution|Windows-x64.Build.0 = Debug|Any CPU
		{221CE654-1A02-4B58-B887-A439B3C4DACB}.Distribution|Windows-x86.ActiveCfg = Debug|Any CPU
		{221CE654-1A02-4B58-B887-A439B3C4DACB}.Distribution|Windows-x86.Build.0 = Debug|Any CPU
		{221CE654-1A02-4B58-B887-A439B3C4DACB}.Release|Android.ActiveCfg = Release|Any CPU
		{221CE654-1A02-4B58-B887-A439B3C4DACB}.Release|Android.Build.0 = Release|Any CPU
		{221CE654-1A02-4B58-B887-A439B3C4DACB}.Release|Any CPU.ActiveCfg = Release|Any CPU
		{221CE654-1A02-4B58-B887-A439B3C4DACB}.Release|Any CPU.Build.0 = Release|Any CPU
		{221CE654-1A02-4B58-B887-A439B3C4DACB}.Release|iOS.ActiveCfg = Release|Any CPU
		{221CE654-1A02-4B58-B887-A439B3C4DACB}.Release|iOS.Build.0 = Release|Any CPU
		{221CE654-1A02-4B58-B887-A439B3C4DACB}.Release|Mixed Platforms.ActiveCfg = Release|Any CPU
		{221CE654-1A02-4B58-B887-A439B3C4DACB}.Release|Mixed Platforms.Build.0 = Release|Any CPU
		{221CE654-1A02-4B58-B887-A439B3C4DACB}.Release|Windows Phone (Universal).ActiveCfg = Release|Any CPU
		{221CE654-1A02-4B58-B887-A439B3C4DACB}.Release|Windows Phone (Universal).Build.0 = Release|Any CPU
		{221CE654-1A02-4B58-B887-A439B3C4DACB}.Release|Windows Phone 8.ActiveCfg = Release|Any CPU
		{221CE654-1A02-4B58-B887-A439B3C4DACB}.Release|Windows Phone 8.Build.0 = Release|Any CPU
		{221CE654-1A02-4B58-B887-A439B3C4DACB}.Release|Windows-AnyCPU.ActiveCfg = Release|Any CPU
		{221CE654-1A02-4B58-B887-A439B3C4DACB}.Release|Windows-AnyCPU.Build.0 = Release|Any CPU
		{221CE654-1A02-4B58-B887-A439B3C4DACB}.Release|Windows-ARM.ActiveCfg = Release|Any CPU
		{221CE654-1A02-4B58-B887-A439B3C4DACB}.Release|Windows-ARM.Build.0 = Release|Any CPU
		{221CE654-1A02-4B58-B887-A439B3C4DACB}.Release|Windows-x64.ActiveCfg = Release|Any CPU
		{221CE654-1A02-4B58-B887-A439B3C4DACB}.Release|Windows-x64.Build.0 = Release|Any CPU
		{221CE654-1A02-4B58-B887-A439B3C4DACB}.Release|Windows-x86.ActiveCfg = Release|Any CPU
		{221CE654-1A02-4B58-B887-A439B3C4DACB}.Release|Windows-x86.Build.0 = Release|Any CPU
		{A8CCBBA9-57EB-47E2-B96F-B757E4B696A5}.Debug|Android.ActiveCfg = Debug|Any CPU
		{A8CCBBA9-57EB-47E2-B96F-B757E4B696A5}.Debug|Android.Build.0 = Debug|Any CPU
		{A8CCBBA9-57EB-47E2-B96F-B757E4B696A5}.Debug|Any CPU.ActiveCfg = Debug|Any CPU
		{A8CCBBA9-57EB-47E2-B96F-B757E4B696A5}.Debug|Any CPU.Build.0 = Debug|Any CPU
		{A8CCBBA9-57EB-47E2-B96F-B757E4B696A5}.Debug|iOS.ActiveCfg = Debug|Any CPU
		{A8CCBBA9-57EB-47E2-B96F-B757E4B696A5}.Debug|iOS.Build.0 = Debug|Any CPU
		{A8CCBBA9-57EB-47E2-B96F-B757E4B696A5}.Debug|Mixed Platforms.ActiveCfg = Debug|Any CPU
		{A8CCBBA9-57EB-47E2-B96F-B757E4B696A5}.Debug|Mixed Platforms.Build.0 = Debug|Any CPU
		{A8CCBBA9-57EB-47E2-B96F-B757E4B696A5}.Debug|Windows Phone (Universal).ActiveCfg = Debug|Any CPU
		{A8CCBBA9-57EB-47E2-B96F-B757E4B696A5}.Debug|Windows Phone (Universal).Build.0 = Debug|Any CPU
		{A8CCBBA9-57EB-47E2-B96F-B757E4B696A5}.Debug|Windows Phone 8.ActiveCfg = Debug|Any CPU
		{A8CCBBA9-57EB-47E2-B96F-B757E4B696A5}.Debug|Windows Phone 8.Build.0 = Debug|Any CPU
		{A8CCBBA9-57EB-47E2-B96F-B757E4B696A5}.Debug|Windows-AnyCPU.ActiveCfg = Debug|Any CPU
		{A8CCBBA9-57EB-47E2-B96F-B757E4B696A5}.Debug|Windows-AnyCPU.Build.0 = Debug|Any CPU
		{A8CCBBA9-57EB-47E2-B96F-B757E4B696A5}.Debug|Windows-ARM.ActiveCfg = Debug|Any CPU
		{A8CCBBA9-57EB-47E2-B96F-B757E4B696A5}.Debug|Windows-ARM.Build.0 = Debug|Any CPU
		{A8CCBBA9-57EB-47E2-B96F-B757E4B696A5}.Debug|Windows-x64.ActiveCfg = Debug|Any CPU
		{A8CCBBA9-57EB-47E2-B96F-B757E4B696A5}.Debug|Windows-x64.Build.0 = Debug|Any CPU
		{A8CCBBA9-57EB-47E2-B96F-B757E4B696A5}.Debug|Windows-x86.ActiveCfg = Debug|Any CPU
		{A8CCBBA9-57EB-47E2-B96F-B757E4B696A5}.Debug|Windows-x86.Build.0 = Debug|Any CPU
		{A8CCBBA9-57EB-47E2-B96F-B757E4B696A5}.Distribution|Android.ActiveCfg = Debug|Any CPU
		{A8CCBBA9-57EB-47E2-B96F-B757E4B696A5}.Distribution|Android.Build.0 = Debug|Any CPU
		{A8CCBBA9-57EB-47E2-B96F-B757E4B696A5}.Distribution|Any CPU.ActiveCfg = Debug|Any CPU
		{A8CCBBA9-57EB-47E2-B96F-B757E4B696A5}.Distribution|Any CPU.Build.0 = Debug|Any CPU
		{A8CCBBA9-57EB-47E2-B96F-B757E4B696A5}.Distribution|iOS.ActiveCfg = Debug|Any CPU
		{A8CCBBA9-57EB-47E2-B96F-B757E4B696A5}.Distribution|iOS.Build.0 = Debug|Any CPU
		{A8CCBBA9-57EB-47E2-B96F-B757E4B696A5}.Distribution|Mixed Platforms.ActiveCfg = Debug|Any CPU
		{A8CCBBA9-57EB-47E2-B96F-B757E4B696A5}.Distribution|Mixed Platforms.Build.0 = Debug|Any CPU
		{A8CCBBA9-57EB-47E2-B96F-B757E4B696A5}.Distribution|Windows Phone (Universal).ActiveCfg = Debug|Any CPU
		{A8CCBBA9-57EB-47E2-B96F-B757E4B696A5}.Distribution|Windows Phone (Universal).Build.0 = Debug|Any CPU
		{A8CCBBA9-57EB-47E2-B96F-B757E4B696A5}.Distribution|Windows Phone 8.ActiveCfg = Debug|Any CPU
		{A8CCBBA9-57EB-47E2-B96F-B757E4B696A5}.Distribution|Windows Phone 8.Build.0 = Debug|Any CPU
		{A8CCBBA9-57EB-47E2-B96F-B757E4B696A5}.Distribution|Windows-AnyCPU.ActiveCfg = Debug|Any CPU
		{A8CCBBA9-57EB-47E2-B96F-B757E4B696A5}.Distribution|Windows-AnyCPU.Build.0 = Debug|Any CPU
		{A8CCBBA9-57EB-47E2-B96F-B757E4B696A5}.Distribution|Windows-ARM.ActiveCfg = Debug|Any CPU
		{A8CCBBA9-57EB-47E2-B96F-B757E4B696A5}.Distribution|Windows-ARM.Build.0 = Debug|Any CPU
		{A8CCBBA9-57EB-47E2-B96F-B757E4B696A5}.Distribution|Windows-x64.ActiveCfg = Debug|Any CPU
		{A8CCBBA9-57EB-47E2-B96F-B757E4B696A5}.Distribution|Windows-x64.Build.0 = Debug|Any CPU
		{A8CCBBA9-57EB-47E2-B96F-B757E4B696A5}.Distribution|Windows-x86.ActiveCfg = Debug|Any CPU
		{A8CCBBA9-57EB-47E2-B96F-B757E4B696A5}.Distribution|Windows-x86.Build.0 = Debug|Any CPU
		{A8CCBBA9-57EB-47E2-B96F-B757E4B696A5}.Release|Android.ActiveCfg = Release|Any CPU
		{A8CCBBA9-57EB-47E2-B96F-B757E4B696A5}.Release|Android.Build.0 = Release|Any CPU
		{A8CCBBA9-57EB-47E2-B96F-B757E4B696A5}.Release|Any CPU.ActiveCfg = Release|Any CPU
		{A8CCBBA9-57EB-47E2-B96F-B757E4B696A5}.Release|Any CPU.Build.0 = Release|Any CPU
		{A8CCBBA9-57EB-47E2-B96F-B757E4B696A5}.Release|iOS.ActiveCfg = Release|Any CPU
		{A8CCBBA9-57EB-47E2-B96F-B757E4B696A5}.Release|iOS.Build.0 = Release|Any CPU
		{A8CCBBA9-57EB-47E2-B96F-B757E4B696A5}.Release|Mixed Platforms.ActiveCfg = Release|Any CPU
		{A8CCBBA9-57EB-47E2-B96F-B757E4B696A5}.Release|Mixed Platforms.Build.0 = Release|Any CPU
		{A8CCBBA9-57EB-47E2-B96F-B757E4B696A5}.Release|Windows Phone (Universal).ActiveCfg = Release|Any CPU
		{A8CCBBA9-57EB-47E2-B96F-B757E4B696A5}.Release|Windows Phone (Universal).Build.0 = Release|Any CPU
		{A8CCBBA9-57EB-47E2-B96F-B757E4B696A5}.Release|Windows Phone 8.ActiveCfg = Release|Any CPU
		{A8CCBBA9-57EB-47E2-B96F-B757E4B696A5}.Release|Windows Phone 8.Build.0 = Release|Any CPU
		{A8CCBBA9-57EB-47E2-B96F-B757E4B696A5}.Release|Windows-AnyCPU.ActiveCfg = Release|Any CPU
		{A8CCBBA9-57EB-47E2-B96F-B757E4B696A5}.Release|Windows-AnyCPU.Build.0 = Release|Any CPU
		{A8CCBBA9-57EB-47E2-B96F-B757E4B696A5}.Release|Windows-ARM.ActiveCfg = Release|Any CPU
		{A8CCBBA9-57EB-47E2-B96F-B757E4B696A5}.Release|Windows-ARM.Build.0 = Release|Any CPU
		{A8CCBBA9-57EB-47E2-B96F-B757E4B696A5}.Release|Windows-x64.ActiveCfg = Release|Any CPU
		{A8CCBBA9-57EB-47E2-B96F-B757E4B696A5}.Release|Windows-x64.Build.0 = Release|Any CPU
		{A8CCBBA9-57EB-47E2-B96F-B757E4B696A5}.Release|Windows-x86.ActiveCfg = Release|Any CPU
		{A8CCBBA9-57EB-47E2-B96F-B757E4B696A5}.Release|Windows-x86.Build.0 = Release|Any CPU
		{3F570C6C-6DB7-485D-8A19-89E05DD8824D}.Debug|Android.ActiveCfg = Debug|Any CPU
		{3F570C6C-6DB7-485D-8A19-89E05DD8824D}.Debug|Android.Build.0 = Debug|Any CPU
		{3F570C6C-6DB7-485D-8A19-89E05DD8824D}.Debug|Any CPU.ActiveCfg = Debug|Any CPU
		{3F570C6C-6DB7-485D-8A19-89E05DD8824D}.Debug|Any CPU.Build.0 = Debug|Any CPU
		{3F570C6C-6DB7-485D-8A19-89E05DD8824D}.Debug|iOS.ActiveCfg = Debug|Any CPU
		{3F570C6C-6DB7-485D-8A19-89E05DD8824D}.Debug|iOS.Build.0 = Debug|Any CPU
		{3F570C6C-6DB7-485D-8A19-89E05DD8824D}.Debug|Mixed Platforms.ActiveCfg = Debug|Any CPU
		{3F570C6C-6DB7-485D-8A19-89E05DD8824D}.Debug|Mixed Platforms.Build.0 = Debug|Any CPU
		{3F570C6C-6DB7-485D-8A19-89E05DD8824D}.Debug|Windows Phone (Universal).ActiveCfg = Debug|Any CPU
		{3F570C6C-6DB7-485D-8A19-89E05DD8824D}.Debug|Windows Phone (Universal).Build.0 = Debug|Any CPU
		{3F570C6C-6DB7-485D-8A19-89E05DD8824D}.Debug|Windows Phone 8.ActiveCfg = Debug|Any CPU
		{3F570C6C-6DB7-485D-8A19-89E05DD8824D}.Debug|Windows Phone 8.Build.0 = Debug|Any CPU
		{3F570C6C-6DB7-485D-8A19-89E05DD8824D}.Debug|Windows-AnyCPU.ActiveCfg = Debug|Any CPU
		{3F570C6C-6DB7-485D-8A19-89E05DD8824D}.Debug|Windows-AnyCPU.Build.0 = Debug|Any CPU
		{3F570C6C-6DB7-485D-8A19-89E05DD8824D}.Debug|Windows-ARM.ActiveCfg = Debug|Any CPU
		{3F570C6C-6DB7-485D-8A19-89E05DD8824D}.Debug|Windows-ARM.Build.0 = Debug|Any CPU
		{3F570C6C-6DB7-485D-8A19-89E05DD8824D}.Debug|Windows-x64.ActiveCfg = Debug|Any CPU
		{3F570C6C-6DB7-485D-8A19-89E05DD8824D}.Debug|Windows-x64.Build.0 = Debug|Any CPU
		{3F570C6C-6DB7-485D-8A19-89E05DD8824D}.Debug|Windows-x86.ActiveCfg = Debug|Any CPU
		{3F570C6C-6DB7-485D-8A19-89E05DD8824D}.Debug|Windows-x86.Build.0 = Debug|Any CPU
		{3F570C6C-6DB7-485D-8A19-89E05DD8824D}.Distribution|Android.ActiveCfg = Debug|Any CPU
		{3F570C6C-6DB7-485D-8A19-89E05DD8824D}.Distribution|Android.Build.0 = Debug|Any CPU
		{3F570C6C-6DB7-485D-8A19-89E05DD8824D}.Distribution|Any CPU.ActiveCfg = Debug|Any CPU
		{3F570C6C-6DB7-485D-8A19-89E05DD8824D}.Distribution|Any CPU.Build.0 = Debug|Any CPU
		{3F570C6C-6DB7-485D-8A19-89E05DD8824D}.Distribution|iOS.ActiveCfg = Debug|Any CPU
		{3F570C6C-6DB7-485D-8A19-89E05DD8824D}.Distribution|iOS.Build.0 = Debug|Any CPU
		{3F570C6C-6DB7-485D-8A19-89E05DD8824D}.Distribution|Mixed Platforms.ActiveCfg = Debug|Any CPU
		{3F570C6C-6DB7-485D-8A19-89E05DD8824D}.Distribution|Mixed Platforms.Build.0 = Debug|Any CPU
		{3F570C6C-6DB7-485D-8A19-89E05DD8824D}.Distribution|Windows Phone (Universal).ActiveCfg = Debug|Any CPU
		{3F570C6C-6DB7-485D-8A19-89E05DD8824D}.Distribution|Windows Phone (Universal).Build.0 = Debug|Any CPU
		{3F570C6C-6DB7-485D-8A19-89E05DD8824D}.Distribution|Windows Phone 8.ActiveCfg = Debug|Any CPU
		{3F570C6C-6DB7-485D-8A19-89E05DD8824D}.Distribution|Windows Phone 8.Build.0 = Debug|Any CPU
		{3F570C6C-6DB7-485D-8A19-89E05DD8824D}.Distribution|Windows-AnyCPU.ActiveCfg = Debug|Any CPU
		{3F570C6C-6DB7-485D-8A19-89E05DD8824D}.Distribution|Windows-AnyCPU.Build.0 = Debug|Any CPU
		{3F570C6C-6DB7-485D-8A19-89E05DD8824D}.Distribution|Windows-ARM.ActiveCfg = Debug|Any CPU
		{3F570C6C-6DB7-485D-8A19-89E05DD8824D}.Distribution|Windows-ARM.Build.0 = Debug|Any CPU
		{3F570C6C-6DB7-485D-8A19-89E05DD8824D}.Distribution|Windows-x64.ActiveCfg = Debug|Any CPU
		{3F570C6C-6DB7-485D-8A19-89E05DD8824D}.Distribution|Windows-x64.Build.0 = Debug|Any CPU
		{3F570C6C-6DB7-485D-8A19-89E05DD8824D}.Distribution|Windows-x86.ActiveCfg = Debug|Any CPU
		{3F570C6C-6DB7-485D-8A19-89E05DD8824D}.Distribution|Windows-x86.Build.0 = Debug|Any CPU
		{3F570C6C-6DB7-485D-8A19-89E05DD8824D}.Release|Android.ActiveCfg = Release|Any CPU
		{3F570C6C-6DB7-485D-8A19-89E05DD8824D}.Release|Android.Build.0 = Release|Any CPU
		{3F570C6C-6DB7-485D-8A19-89E05DD8824D}.Release|Any CPU.ActiveCfg = Release|Any CPU
		{3F570C6C-6DB7-485D-8A19-89E05DD8824D}.Release|Any CPU.Build.0 = Release|Any CPU
		{3F570C6C-6DB7-485D-8A19-89E05DD8824D}.Release|iOS.ActiveCfg = Release|Any CPU
		{3F570C6C-6DB7-485D-8A19-89E05DD8824D}.Release|iOS.Build.0 = Release|Any CPU
		{3F570C6C-6DB7-485D-8A19-89E05DD8824D}.Release|Mixed Platforms.ActiveCfg = Release|Any CPU
		{3F570C6C-6DB7-485D-8A19-89E05DD8824D}.Release|Mixed Platforms.Build.0 = Release|Any CPU
		{3F570C6C-6DB7-485D-8A19-89E05DD8824D}.Release|Windows Phone (Universal).ActiveCfg = Release|Any CPU
		{3F570C6C-6DB7-485D-8A19-89E05DD8824D}.Release|Windows Phone (Universal).Build.0 = Release|Any CPU
		{3F570C6C-6DB7-485D-8A19-89E05DD8824D}.Release|Windows Phone 8.ActiveCfg = Release|Any CPU
		{3F570C6C-6DB7-485D-8A19-89E05DD8824D}.Release|Windows Phone 8.Build.0 = Release|Any CPU
		{3F570C6C-6DB7-485D-8A19-89E05DD8824D}.Release|Windows-AnyCPU.ActiveCfg = Release|Any CPU
		{3F570C6C-6DB7-485D-8A19-89E05DD8824D}.Release|Windows-AnyCPU.Build.0 = Release|Any CPU
		{3F570C6C-6DB7-485D-8A19-89E05DD8824D}.Release|Windows-ARM.ActiveCfg = Release|Any CPU
		{3F570C6C-6DB7-485D-8A19-89E05DD8824D}.Release|Windows-ARM.Build.0 = Release|Any CPU
		{3F570C6C-6DB7-485D-8A19-89E05DD8824D}.Release|Windows-x64.ActiveCfg = Release|Any CPU
		{3F570C6C-6DB7-485D-8A19-89E05DD8824D}.Release|Windows-x64.Build.0 = Release|Any CPU
		{3F570C6C-6DB7-485D-8A19-89E05DD8824D}.Release|Windows-x86.ActiveCfg = Release|Any CPU
		{3F570C6C-6DB7-485D-8A19-89E05DD8824D}.Release|Windows-x86.Build.0 = Release|Any CPU
		{6779A99B-AAF6-45F2-AC59-EEE8715F6E94}.Debug|Android.ActiveCfg = Debug|Any CPU
		{6779A99B-AAF6-45F2-AC59-EEE8715F6E94}.Debug|Android.Build.0 = Debug|Any CPU
		{6779A99B-AAF6-45F2-AC59-EEE8715F6E94}.Debug|Any CPU.ActiveCfg = Debug|Any CPU
		{6779A99B-AAF6-45F2-AC59-EEE8715F6E94}.Debug|Any CPU.Build.0 = Debug|Any CPU
		{6779A99B-AAF6-45F2-AC59-EEE8715F6E94}.Debug|iOS.ActiveCfg = Debug|Any CPU
		{6779A99B-AAF6-45F2-AC59-EEE8715F6E94}.Debug|iOS.Build.0 = Debug|Any CPU
		{6779A99B-AAF6-45F2-AC59-EEE8715F6E94}.Debug|Mixed Platforms.ActiveCfg = Debug|Any CPU
		{6779A99B-AAF6-45F2-AC59-EEE8715F6E94}.Debug|Mixed Platforms.Build.0 = Debug|Any CPU
		{6779A99B-AAF6-45F2-AC59-EEE8715F6E94}.Debug|Windows Phone (Universal).ActiveCfg = Debug|Any CPU
		{6779A99B-AAF6-45F2-AC59-EEE8715F6E94}.Debug|Windows Phone (Universal).Build.0 = Debug|Any CPU
		{6779A99B-AAF6-45F2-AC59-EEE8715F6E94}.Debug|Windows Phone 8.ActiveCfg = Debug|Any CPU
		{6779A99B-AAF6-45F2-AC59-EEE8715F6E94}.Debug|Windows Phone 8.Build.0 = Debug|Any CPU
		{6779A99B-AAF6-45F2-AC59-EEE8715F6E94}.Debug|Windows-AnyCPU.ActiveCfg = Debug|Any CPU
		{6779A99B-AAF6-45F2-AC59-EEE8715F6E94}.Debug|Windows-AnyCPU.Build.0 = Debug|Any CPU
		{6779A99B-AAF6-45F2-AC59-EEE8715F6E94}.Debug|Windows-ARM.ActiveCfg = Debug|Any CPU
		{6779A99B-AAF6-45F2-AC59-EEE8715F6E94}.Debug|Windows-ARM.Build.0 = Debug|Any CPU
		{6779A99B-AAF6-45F2-AC59-EEE8715F6E94}.Debug|Windows-x64.ActiveCfg = Debug|Any CPU
		{6779A99B-AAF6-45F2-AC59-EEE8715F6E94}.Debug|Windows-x64.Build.0 = Debug|Any CPU
		{6779A99B-AAF6-45F2-AC59-EEE8715F6E94}.Debug|Windows-x86.ActiveCfg = Debug|Any CPU
		{6779A99B-AAF6-45F2-AC59-EEE8715F6E94}.Debug|Windows-x86.Build.0 = Debug|Any CPU
		{6779A99B-AAF6-45F2-AC59-EEE8715F6E94}.Distribution|Android.ActiveCfg = Debug|Any CPU
		{6779A99B-AAF6-45F2-AC59-EEE8715F6E94}.Distribution|Android.Build.0 = Debug|Any CPU
		{6779A99B-AAF6-45F2-AC59-EEE8715F6E94}.Distribution|Any CPU.ActiveCfg = Debug|Any CPU
		{6779A99B-AAF6-45F2-AC59-EEE8715F6E94}.Distribution|Any CPU.Build.0 = Debug|Any CPU
		{6779A99B-AAF6-45F2-AC59-EEE8715F6E94}.Distribution|iOS.ActiveCfg = Debug|Any CPU
		{6779A99B-AAF6-45F2-AC59-EEE8715F6E94}.Distribution|iOS.Build.0 = Debug|Any CPU
		{6779A99B-AAF6-45F2-AC59-EEE8715F6E94}.Distribution|Mixed Platforms.ActiveCfg = Debug|Any CPU
		{6779A99B-AAF6-45F2-AC59-EEE8715F6E94}.Distribution|Mixed Platforms.Build.0 = Debug|Any CPU
		{6779A99B-AAF6-45F2-AC59-EEE8715F6E94}.Distribution|Windows Phone (Universal).ActiveCfg = Debug|Any CPU
		{6779A99B-AAF6-45F2-AC59-EEE8715F6E94}.Distribution|Windows Phone (Universal).Build.0 = Debug|Any CPU
		{6779A99B-AAF6-45F2-AC59-EEE8715F6E94}.Distribution|Windows Phone 8.ActiveCfg = Debug|Any CPU
		{6779A99B-AAF6-45F2-AC59-EEE8715F6E94}.Distribution|Windows Phone 8.Build.0 = Debug|Any CPU
		{6779A99B-AAF6-45F2-AC59-EEE8715F6E94}.Distribution|Windows-AnyCPU.ActiveCfg = Debug|Any CPU
		{6779A99B-AAF6-45F2-AC59-EEE8715F6E94}.Distribution|Windows-AnyCPU.Build.0 = Debug|Any CPU
		{6779A99B-AAF6-45F2-AC59-EEE8715F6E94}.Distribution|Windows-ARM.ActiveCfg = Debug|Any CPU
		{6779A99B-AAF6-45F2-AC59-EEE8715F6E94}.Distribution|Windows-ARM.Build.0 = Debug|Any CPU
		{6779A99B-AAF6-45F2-AC59-EEE8715F6E94}.Distribution|Windows-x64.ActiveCfg = Debug|Any CPU
		{6779A99B-AAF6-45F2-AC59-EEE8715F6E94}.Distribution|Windows-x64.Build.0 = Debug|Any CPU
		{6779A99B-AAF6-45F2-AC59-EEE8715F6E94}.Distribution|Windows-x86.ActiveCfg = Debug|Any CPU
		{6779A99B-AAF6-45F2-AC59-EEE8715F6E94}.Distribution|Windows-x86.Build.0 = Debug|Any CPU
		{6779A99B-AAF6-45F2-AC59-EEE8715F6E94}.Release|Android.ActiveCfg = Release|Any CPU
		{6779A99B-AAF6-45F2-AC59-EEE8715F6E94}.Release|Android.Build.0 = Release|Any CPU
		{6779A99B-AAF6-45F2-AC59-EEE8715F6E94}.Release|Any CPU.ActiveCfg = Release|Any CPU
		{6779A99B-AAF6-45F2-AC59-EEE8715F6E94}.Release|Any CPU.Build.0 = Release|Any CPU
		{6779A99B-AAF6-45F2-AC59-EEE8715F6E94}.Release|iOS.ActiveCfg = Release|Any CPU
		{6779A99B-AAF6-45F2-AC59-EEE8715F6E94}.Release|iOS.Build.0 = Release|Any CPU
		{6779A99B-AAF6-45F2-AC59-EEE8715F6E94}.Release|Mixed Platforms.ActiveCfg = Release|Any CPU
		{6779A99B-AAF6-45F2-AC59-EEE8715F6E94}.Release|Mixed Platforms.Build.0 = Release|Any CPU
		{6779A99B-AAF6-45F2-AC59-EEE8715F6E94}.Release|Windows Phone (Universal).ActiveCfg = Release|Any CPU
		{6779A99B-AAF6-45F2-AC59-EEE8715F6E94}.Release|Windows Phone (Universal).Build.0 = Release|Any CPU
		{6779A99B-AAF6-45F2-AC59-EEE8715F6E94}.Release|Windows Phone 8.ActiveCfg = Release|Any CPU
		{6779A99B-AAF6-45F2-AC59-EEE8715F6E94}.Release|Windows Phone 8.Build.0 = Release|Any CPU
		{6779A99B-AAF6-45F2-AC59-EEE8715F6E94}.Release|Windows-AnyCPU.ActiveCfg = Release|Any CPU
		{6779A99B-AAF6-45F2-AC59-EEE8715F6E94}.Release|Windows-AnyCPU.Build.0 = Release|Any CPU
		{6779A99B-AAF6-45F2-AC59-EEE8715F6E94}.Release|Windows-ARM.ActiveCfg = Release|Any CPU
		{6779A99B-AAF6-45F2-AC59-EEE8715F6E94}.Release|Windows-ARM.Build.0 = Release|Any CPU
		{6779A99B-AAF6-45F2-AC59-EEE8715F6E94}.Release|Windows-x64.ActiveCfg = Release|Any CPU
		{6779A99B-AAF6-45F2-AC59-EEE8715F6E94}.Release|Windows-x64.Build.0 = Release|Any CPU
		{6779A99B-AAF6-45F2-AC59-EEE8715F6E94}.Release|Windows-x86.ActiveCfg = Release|Any CPU
		{6779A99B-AAF6-45F2-AC59-EEE8715F6E94}.Release|Windows-x86.Build.0 = Release|Any CPU
		{48CE4FD7-CFF0-4BEF-A4F2-794309FC0EB3}.Debug|Android.ActiveCfg = Debug|Any CPU
		{48CE4FD7-CFF0-4BEF-A4F2-794309FC0EB3}.Debug|Android.Build.0 = Debug|Any CPU
		{48CE4FD7-CFF0-4BEF-A4F2-794309FC0EB3}.Debug|Any CPU.ActiveCfg = Debug|Any CPU
		{48CE4FD7-CFF0-4BEF-A4F2-794309FC0EB3}.Debug|Any CPU.Build.0 = Debug|Any CPU
		{48CE4FD7-CFF0-4BEF-A4F2-794309FC0EB3}.Debug|iOS.ActiveCfg = Debug|Any CPU
		{48CE4FD7-CFF0-4BEF-A4F2-794309FC0EB3}.Debug|iOS.Build.0 = Debug|Any CPU
		{48CE4FD7-CFF0-4BEF-A4F2-794309FC0EB3}.Debug|Mixed Platforms.ActiveCfg = Debug|Any CPU
		{48CE4FD7-CFF0-4BEF-A4F2-794309FC0EB3}.Debug|Mixed Platforms.Build.0 = Debug|Any CPU
		{48CE4FD7-CFF0-4BEF-A4F2-794309FC0EB3}.Debug|Windows Phone (Universal).ActiveCfg = Debug|Any CPU
		{48CE4FD7-CFF0-4BEF-A4F2-794309FC0EB3}.Debug|Windows Phone (Universal).Build.0 = Debug|Any CPU
		{48CE4FD7-CFF0-4BEF-A4F2-794309FC0EB3}.Debug|Windows Phone 8.ActiveCfg = Debug|Any CPU
		{48CE4FD7-CFF0-4BEF-A4F2-794309FC0EB3}.Debug|Windows Phone 8.Build.0 = Debug|Any CPU
		{48CE4FD7-CFF0-4BEF-A4F2-794309FC0EB3}.Debug|Windows-AnyCPU.ActiveCfg = Debug|Any CPU
		{48CE4FD7-CFF0-4BEF-A4F2-794309FC0EB3}.Debug|Windows-AnyCPU.Build.0 = Debug|Any CPU
		{48CE4FD7-CFF0-4BEF-A4F2-794309FC0EB3}.Debug|Windows-ARM.ActiveCfg = Debug|Any CPU
		{48CE4FD7-CFF0-4BEF-A4F2-794309FC0EB3}.Debug|Windows-ARM.Build.0 = Debug|Any CPU
		{48CE4FD7-CFF0-4BEF-A4F2-794309FC0EB3}.Debug|Windows-x64.ActiveCfg = Debug|Any CPU
		{48CE4FD7-CFF0-4BEF-A4F2-794309FC0EB3}.Debug|Windows-x64.Build.0 = Debug|Any CPU
		{48CE4FD7-CFF0-4BEF-A4F2-794309FC0EB3}.Debug|Windows-x86.ActiveCfg = Debug|Any CPU
		{48CE4FD7-CFF0-4BEF-A4F2-794309FC0EB3}.Debug|Windows-x86.Build.0 = Debug|Any CPU
		{48CE4FD7-CFF0-4BEF-A4F2-794309FC0EB3}.Distribution|Android.ActiveCfg = Debug|Any CPU
		{48CE4FD7-CFF0-4BEF-A4F2-794309FC0EB3}.Distribution|Android.Build.0 = Debug|Any CPU
		{48CE4FD7-CFF0-4BEF-A4F2-794309FC0EB3}.Distribution|Any CPU.ActiveCfg = Debug|Any CPU
		{48CE4FD7-CFF0-4BEF-A4F2-794309FC0EB3}.Distribution|Any CPU.Build.0 = Debug|Any CPU
		{48CE4FD7-CFF0-4BEF-A4F2-794309FC0EB3}.Distribution|iOS.ActiveCfg = Debug|Any CPU
		{48CE4FD7-CFF0-4BEF-A4F2-794309FC0EB3}.Distribution|iOS.Build.0 = Debug|Any CPU
		{48CE4FD7-CFF0-4BEF-A4F2-794309FC0EB3}.Distribution|Mixed Platforms.ActiveCfg = Debug|Any CPU
		{48CE4FD7-CFF0-4BEF-A4F2-794309FC0EB3}.Distribution|Mixed Platforms.Build.0 = Debug|Any CPU
		{48CE4FD7-CFF0-4BEF-A4F2-794309FC0EB3}.Distribution|Windows Phone (Universal).ActiveCfg = Debug|Any CPU
		{48CE4FD7-CFF0-4BEF-A4F2-794309FC0EB3}.Distribution|Windows Phone (Universal).Build.0 = Debug|Any CPU
		{48CE4FD7-CFF0-4BEF-A4F2-794309FC0EB3}.Distribution|Windows Phone 8.ActiveCfg = Debug|Any CPU
		{48CE4FD7-CFF0-4BEF-A4F2-794309FC0EB3}.Distribution|Windows Phone 8.Build.0 = Debug|Any CPU
		{48CE4FD7-CFF0-4BEF-A4F2-794309FC0EB3}.Distribution|Windows-AnyCPU.ActiveCfg = Debug|Any CPU
		{48CE4FD7-CFF0-4BEF-A4F2-794309FC0EB3}.Distribution|Windows-AnyCPU.Build.0 = Debug|Any CPU
		{48CE4FD7-CFF0-4BEF-A4F2-794309FC0EB3}.Distribution|Windows-ARM.ActiveCfg = Debug|Any CPU
		{48CE4FD7-CFF0-4BEF-A4F2-794309FC0EB3}.Distribution|Windows-ARM.Build.0 = Debug|Any CPU
		{48CE4FD7-CFF0-4BEF-A4F2-794309FC0EB3}.Distribution|Windows-x64.ActiveCfg = Debug|Any CPU
		{48CE4FD7-CFF0-4BEF-A4F2-794309FC0EB3}.Distribution|Windows-x64.Build.0 = Debug|Any CPU
		{48CE4FD7-CFF0-4BEF-A4F2-794309FC0EB3}.Distribution|Windows-x86.ActiveCfg = Debug|Any CPU
		{48CE4FD7-CFF0-4BEF-A4F2-794309FC0EB3}.Distribution|Windows-x86.Build.0 = Debug|Any CPU
		{48CE4FD7-CFF0-4BEF-A4F2-794309FC0EB3}.Release|Android.ActiveCfg = Release|Any CPU
		{48CE4FD7-CFF0-4BEF-A4F2-794309FC0EB3}.Release|Android.Build.0 = Release|Any CPU
		{48CE4FD7-CFF0-4BEF-A4F2-794309FC0EB3}.Release|Any CPU.ActiveCfg = Release|Any CPU
		{48CE4FD7-CFF0-4BEF-A4F2-794309FC0EB3}.Release|Any CPU.Build.0 = Release|Any CPU
		{48CE4FD7-CFF0-4BEF-A4F2-794309FC0EB3}.Release|iOS.ActiveCfg = Release|Any CPU
		{48CE4FD7-CFF0-4BEF-A4F2-794309FC0EB3}.Release|iOS.Build.0 = Release|Any CPU
		{48CE4FD7-CFF0-4BEF-A4F2-794309FC0EB3}.Release|Mixed Platforms.ActiveCfg = Release|Any CPU
		{48CE4FD7-CFF0-4BEF-A4F2-794309FC0EB3}.Release|Mixed Platforms.Build.0 = Release|Any CPU
		{48CE4FD7-CFF0-4BEF-A4F2-794309FC0EB3}.Release|Windows Phone (Universal).ActiveCfg = Release|Any CPU
		{48CE4FD7-CFF0-4BEF-A4F2-794309FC0EB3}.Release|Windows Phone (Universal).Build.0 = Release|Any CPU
		{48CE4FD7-CFF0-4BEF-A4F2-794309FC0EB3}.Release|Windows Phone 8.ActiveCfg = Release|Any CPU
		{48CE4FD7-CFF0-4BEF-A4F2-794309FC0EB3}.Release|Windows Phone 8.Build.0 = Release|Any CPU
		{48CE4FD7-CFF0-4BEF-A4F2-794309FC0EB3}.Release|Windows-AnyCPU.ActiveCfg = Release|Any CPU
		{48CE4FD7-CFF0-4BEF-A4F2-794309FC0EB3}.Release|Windows-AnyCPU.Build.0 = Release|Any CPU
		{48CE4FD7-CFF0-4BEF-A4F2-794309FC0EB3}.Release|Windows-ARM.ActiveCfg = Release|Any CPU
		{48CE4FD7-CFF0-4BEF-A4F2-794309FC0EB3}.Release|Windows-ARM.Build.0 = Release|Any CPU
		{48CE4FD7-CFF0-4BEF-A4F2-794309FC0EB3}.Release|Windows-x64.ActiveCfg = Release|Any CPU
		{48CE4FD7-CFF0-4BEF-A4F2-794309FC0EB3}.Release|Windows-x64.Build.0 = Release|Any CPU
		{48CE4FD7-CFF0-4BEF-A4F2-794309FC0EB3}.Release|Windows-x86.ActiveCfg = Release|Any CPU
		{48CE4FD7-CFF0-4BEF-A4F2-794309FC0EB3}.Release|Windows-x86.Build.0 = Release|Any CPU
		{BBB4FEBE-8007-47E5-902B-C4E7027681E0}.Debug|Android.ActiveCfg = Debug|Any CPU
		{BBB4FEBE-8007-47E5-902B-C4E7027681E0}.Debug|Android.Build.0 = Debug|Any CPU
		{BBB4FEBE-8007-47E5-902B-C4E7027681E0}.Debug|Any CPU.ActiveCfg = Debug|Any CPU
		{BBB4FEBE-8007-47E5-902B-C4E7027681E0}.Debug|Any CPU.Build.0 = Debug|Any CPU
		{BBB4FEBE-8007-47E5-902B-C4E7027681E0}.Debug|iOS.ActiveCfg = Debug|Any CPU
		{BBB4FEBE-8007-47E5-902B-C4E7027681E0}.Debug|iOS.Build.0 = Debug|Any CPU
		{BBB4FEBE-8007-47E5-902B-C4E7027681E0}.Debug|Mixed Platforms.ActiveCfg = Debug|Any CPU
		{BBB4FEBE-8007-47E5-902B-C4E7027681E0}.Debug|Mixed Platforms.Build.0 = Debug|Any CPU
		{BBB4FEBE-8007-47E5-902B-C4E7027681E0}.Debug|Windows Phone (Universal).ActiveCfg = Debug|Any CPU
		{BBB4FEBE-8007-47E5-902B-C4E7027681E0}.Debug|Windows Phone (Universal).Build.0 = Debug|Any CPU
		{BBB4FEBE-8007-47E5-902B-C4E7027681E0}.Debug|Windows Phone 8.ActiveCfg = Debug|Any CPU
		{BBB4FEBE-8007-47E5-902B-C4E7027681E0}.Debug|Windows Phone 8.Build.0 = Debug|Any CPU
		{BBB4FEBE-8007-47E5-902B-C4E7027681E0}.Debug|Windows-AnyCPU.ActiveCfg = Debug|Any CPU
		{BBB4FEBE-8007-47E5-902B-C4E7027681E0}.Debug|Windows-AnyCPU.Build.0 = Debug|Any CPU
		{BBB4FEBE-8007-47E5-902B-C4E7027681E0}.Debug|Windows-ARM.ActiveCfg = Debug|Any CPU
		{BBB4FEBE-8007-47E5-902B-C4E7027681E0}.Debug|Windows-ARM.Build.0 = Debug|Any CPU
		{BBB4FEBE-8007-47E5-902B-C4E7027681E0}.Debug|Windows-x64.ActiveCfg = Debug|Any CPU
		{BBB4FEBE-8007-47E5-902B-C4E7027681E0}.Debug|Windows-x64.Build.0 = Debug|Any CPU
		{BBB4FEBE-8007-47E5-902B-C4E7027681E0}.Debug|Windows-x86.ActiveCfg = Debug|Any CPU
		{BBB4FEBE-8007-47E5-902B-C4E7027681E0}.Debug|Windows-x86.Build.0 = Debug|Any CPU
		{BBB4FEBE-8007-47E5-902B-C4E7027681E0}.Distribution|Android.ActiveCfg = Debug|Any CPU
		{BBB4FEBE-8007-47E5-902B-C4E7027681E0}.Distribution|Android.Build.0 = Debug|Any CPU
		{BBB4FEBE-8007-47E5-902B-C4E7027681E0}.Distribution|Any CPU.ActiveCfg = Debug|Any CPU
		{BBB4FEBE-8007-47E5-902B-C4E7027681E0}.Distribution|Any CPU.Build.0 = Debug|Any CPU
		{BBB4FEBE-8007-47E5-902B-C4E7027681E0}.Distribution|iOS.ActiveCfg = Debug|Any CPU
		{BBB4FEBE-8007-47E5-902B-C4E7027681E0}.Distribution|iOS.Build.0 = Debug|Any CPU
		{BBB4FEBE-8007-47E5-902B-C4E7027681E0}.Distribution|Mixed Platforms.ActiveCfg = Debug|Any CPU
		{BBB4FEBE-8007-47E5-902B-C4E7027681E0}.Distribution|Mixed Platforms.Build.0 = Debug|Any CPU
		{BBB4FEBE-8007-47E5-902B-C4E7027681E0}.Distribution|Windows Phone (Universal).ActiveCfg = Debug|Any CPU
		{BBB4FEBE-8007-47E5-902B-C4E7027681E0}.Distribution|Windows Phone (Universal).Build.0 = Debug|Any CPU
		{BBB4FEBE-8007-47E5-902B-C4E7027681E0}.Distribution|Windows Phone 8.ActiveCfg = Debug|Any CPU
		{BBB4FEBE-8007-47E5-902B-C4E7027681E0}.Distribution|Windows Phone 8.Build.0 = Debug|Any CPU
		{BBB4FEBE-8007-47E5-902B-C4E7027681E0}.Distribution|Windows-AnyCPU.ActiveCfg = Debug|Any CPU
		{BBB4FEBE-8007-47E5-902B-C4E7027681E0}.Distribution|Windows-AnyCPU.Build.0 = Debug|Any CPU
		{BBB4FEBE-8007-47E5-902B-C4E7027681E0}.Distribution|Windows-ARM.ActiveCfg = Debug|Any CPU
		{BBB4FEBE-8007-47E5-902B-C4E7027681E0}.Distribution|Windows-ARM.Build.0 = Debug|Any CPU
		{BBB4FEBE-8007-47E5-902B-C4E7027681E0}.Distribution|Windows-x64.ActiveCfg = Debug|Any CPU
		{BBB4FEBE-8007-47E5-902B-C4E7027681E0}.Distribution|Windows-x64.Build.0 = Debug|Any CPU
		{BBB4FEBE-8007-47E5-902B-C4E7027681E0}.Distribution|Windows-x86.ActiveCfg = Debug|Any CPU
		{BBB4FEBE-8007-47E5-902B-C4E7027681E0}.Distribution|Windows-x86.Build.0 = Debug|Any CPU
		{BBB4FEBE-8007-47E5-902B-C4E7027681E0}.Release|Android.ActiveCfg = Release|Any CPU
		{BBB4FEBE-8007-47E5-902B-C4E7027681E0}.Release|Android.Build.0 = Release|Any CPU
		{BBB4FEBE-8007-47E5-902B-C4E7027681E0}.Release|Any CPU.ActiveCfg = Release|Any CPU
		{BBB4FEBE-8007-47E5-902B-C4E7027681E0}.Release|Any CPU.Build.0 = Release|Any CPU
		{BBB4FEBE-8007-47E5-902B-C4E7027681E0}.Release|iOS.ActiveCfg = Release|Any CPU
		{BBB4FEBE-8007-47E5-902B-C4E7027681E0}.Release|iOS.Build.0 = Release|Any CPU
		{BBB4FEBE-8007-47E5-902B-C4E7027681E0}.Release|Mixed Platforms.ActiveCfg = Release|Any CPU
		{BBB4FEBE-8007-47E5-902B-C4E7027681E0}.Release|Mixed Platforms.Build.0 = Release|Any CPU
		{BBB4FEBE-8007-47E5-902B-C4E7027681E0}.Release|Windows Phone (Universal).ActiveCfg = Release|Any CPU
		{BBB4FEBE-8007-47E5-902B-C4E7027681E0}.Release|Windows Phone (Universal).Build.0 = Release|Any CPU
		{BBB4FEBE-8007-47E5-902B-C4E7027681E0}.Release|Windows Phone 8.ActiveCfg = Release|Any CPU
		{BBB4FEBE-8007-47E5-902B-C4E7027681E0}.Release|Windows Phone 8.Build.0 = Release|Any CPU
		{BBB4FEBE-8007-47E5-902B-C4E7027681E0}.Release|Windows-AnyCPU.ActiveCfg = Release|Any CPU
		{BBB4FEBE-8007-47E5-902B-C4E7027681E0}.Release|Windows-AnyCPU.Build.0 = Release|Any CPU
		{BBB4FEBE-8007-47E5-902B-C4E7027681E0}.Release|Windows-ARM.ActiveCfg = Release|Any CPU
		{BBB4FEBE-8007-47E5-902B-C4E7027681E0}.Release|Windows-ARM.Build.0 = Release|Any CPU
		{BBB4FEBE-8007-47E5-902B-C4E7027681E0}.Release|Windows-x64.ActiveCfg = Release|Any CPU
		{BBB4FEBE-8007-47E5-902B-C4E7027681E0}.Release|Windows-x64.Build.0 = Release|Any CPU
		{BBB4FEBE-8007-47E5-902B-C4E7027681E0}.Release|Windows-x86.ActiveCfg = Release|Any CPU
		{BBB4FEBE-8007-47E5-902B-C4E7027681E0}.Release|Windows-x86.Build.0 = Release|Any CPU
		{361A8C7A-F62B-4FDB-A4DD-F916955F58DD}.Debug|Android.ActiveCfg = Debug|Any CPU
		{361A8C7A-F62B-4FDB-A4DD-F916955F58DD}.Debug|Android.Build.0 = Debug|Any CPU
		{361A8C7A-F62B-4FDB-A4DD-F916955F58DD}.Debug|Any CPU.ActiveCfg = Debug|Any CPU
		{361A8C7A-F62B-4FDB-A4DD-F916955F58DD}.Debug|Any CPU.Build.0 = Debug|Any CPU
		{361A8C7A-F62B-4FDB-A4DD-F916955F58DD}.Debug|iOS.ActiveCfg = Debug|Any CPU
		{361A8C7A-F62B-4FDB-A4DD-F916955F58DD}.Debug|iOS.Build.0 = Debug|Any CPU
		{361A8C7A-F62B-4FDB-A4DD-F916955F58DD}.Debug|Mixed Platforms.ActiveCfg = Debug|Any CPU
		{361A8C7A-F62B-4FDB-A4DD-F916955F58DD}.Debug|Mixed Platforms.Build.0 = Debug|Any CPU
		{361A8C7A-F62B-4FDB-A4DD-F916955F58DD}.Debug|Windows Phone (Universal).ActiveCfg = Debug|Any CPU
		{361A8C7A-F62B-4FDB-A4DD-F916955F58DD}.Debug|Windows Phone (Universal).Build.0 = Debug|Any CPU
		{361A8C7A-F62B-4FDB-A4DD-F916955F58DD}.Debug|Windows Phone 8.ActiveCfg = Debug|Any CPU
		{361A8C7A-F62B-4FDB-A4DD-F916955F58DD}.Debug|Windows Phone 8.Build.0 = Debug|Any CPU
		{361A8C7A-F62B-4FDB-A4DD-F916955F58DD}.Debug|Windows-AnyCPU.ActiveCfg = Debug|Any CPU
		{361A8C7A-F62B-4FDB-A4DD-F916955F58DD}.Debug|Windows-AnyCPU.Build.0 = Debug|Any CPU
		{361A8C7A-F62B-4FDB-A4DD-F916955F58DD}.Debug|Windows-ARM.ActiveCfg = Debug|Any CPU
		{361A8C7A-F62B-4FDB-A4DD-F916955F58DD}.Debug|Windows-ARM.Build.0 = Debug|Any CPU
		{361A8C7A-F62B-4FDB-A4DD-F916955F58DD}.Debug|Windows-x64.ActiveCfg = Debug|Any CPU
		{361A8C7A-F62B-4FDB-A4DD-F916955F58DD}.Debug|Windows-x64.Build.0 = Debug|Any CPU
		{361A8C7A-F62B-4FDB-A4DD-F916955F58DD}.Debug|Windows-x86.ActiveCfg = Debug|Any CPU
		{361A8C7A-F62B-4FDB-A4DD-F916955F58DD}.Debug|Windows-x86.Build.0 = Debug|Any CPU
		{361A8C7A-F62B-4FDB-A4DD-F916955F58DD}.Distribution|Android.ActiveCfg = Debug|Any CPU
		{361A8C7A-F62B-4FDB-A4DD-F916955F58DD}.Distribution|Android.Build.0 = Debug|Any CPU
		{361A8C7A-F62B-4FDB-A4DD-F916955F58DD}.Distribution|Any CPU.ActiveCfg = Debug|Any CPU
		{361A8C7A-F62B-4FDB-A4DD-F916955F58DD}.Distribution|Any CPU.Build.0 = Debug|Any CPU
		{361A8C7A-F62B-4FDB-A4DD-F916955F58DD}.Distribution|iOS.ActiveCfg = Debug|Any CPU
		{361A8C7A-F62B-4FDB-A4DD-F916955F58DD}.Distribution|iOS.Build.0 = Debug|Any CPU
		{361A8C7A-F62B-4FDB-A4DD-F916955F58DD}.Distribution|Mixed Platforms.ActiveCfg = Debug|Any CPU
		{361A8C7A-F62B-4FDB-A4DD-F916955F58DD}.Distribution|Mixed Platforms.Build.0 = Debug|Any CPU
		{361A8C7A-F62B-4FDB-A4DD-F916955F58DD}.Distribution|Windows Phone (Universal).ActiveCfg = Debug|Any CPU
		{361A8C7A-F62B-4FDB-A4DD-F916955F58DD}.Distribution|Windows Phone (Universal).Build.0 = Debug|Any CPU
		{361A8C7A-F62B-4FDB-A4DD-F916955F58DD}.Distribution|Windows Phone 8.ActiveCfg = Debug|Any CPU
		{361A8C7A-F62B-4FDB-A4DD-F916955F58DD}.Distribution|Windows Phone 8.Build.0 = Debug|Any CPU
		{361A8C7A-F62B-4FDB-A4DD-F916955F58DD}.Distribution|Windows-AnyCPU.ActiveCfg = Debug|Any CPU
		{361A8C7A-F62B-4FDB-A4DD-F916955F58DD}.Distribution|Windows-AnyCPU.Build.0 = Debug|Any CPU
		{361A8C7A-F62B-4FDB-A4DD-F916955F58DD}.Distribution|Windows-ARM.ActiveCfg = Debug|Any CPU
		{361A8C7A-F62B-4FDB-A4DD-F916955F58DD}.Distribution|Windows-ARM.Build.0 = Debug|Any CPU
		{361A8C7A-F62B-4FDB-A4DD-F916955F58DD}.Distribution|Windows-x64.ActiveCfg = Debug|Any CPU
		{361A8C7A-F62B-4FDB-A4DD-F916955F58DD}.Distribution|Windows-x64.Build.0 = Debug|Any CPU
		{361A8C7A-F62B-4FDB-A4DD-F916955F58DD}.Distribution|Windows-x86.ActiveCfg = Debug|Any CPU
		{361A8C7A-F62B-4FDB-A4DD-F916955F58DD}.Distribution|Windows-x86.Build.0 = Debug|Any CPU
		{361A8C7A-F62B-4FDB-A4DD-F916955F58DD}.Release|Android.ActiveCfg = Release|Any CPU
		{361A8C7A-F62B-4FDB-A4DD-F916955F58DD}.Release|Android.Build.0 = Release|Any CPU
		{361A8C7A-F62B-4FDB-A4DD-F916955F58DD}.Release|Any CPU.ActiveCfg = Release|Any CPU
		{361A8C7A-F62B-4FDB-A4DD-F916955F58DD}.Release|Any CPU.Build.0 = Release|Any CPU
		{361A8C7A-F62B-4FDB-A4DD-F916955F58DD}.Release|iOS.ActiveCfg = Release|Any CPU
		{361A8C7A-F62B-4FDB-A4DD-F916955F58DD}.Release|iOS.Build.0 = Release|Any CPU
		{361A8C7A-F62B-4FDB-A4DD-F916955F58DD}.Release|Mixed Platforms.ActiveCfg = Release|Any CPU
		{361A8C7A-F62B-4FDB-A4DD-F916955F58DD}.Release|Mixed Platforms.Build.0 = Release|Any CPU
		{361A8C7A-F62B-4FDB-A4DD-F916955F58DD}.Release|Windows Phone (Universal).ActiveCfg = Release|Any CPU
		{361A8C7A-F62B-4FDB-A4DD-F916955F58DD}.Release|Windows Phone (Universal).Build.0 = Release|Any CPU
		{361A8C7A-F62B-4FDB-A4DD-F916955F58DD}.Release|Windows Phone 8.ActiveCfg = Release|Any CPU
		{361A8C7A-F62B-4FDB-A4DD-F916955F58DD}.Release|Windows Phone 8.Build.0 = Release|Any CPU
		{361A8C7A-F62B-4FDB-A4DD-F916955F58DD}.Release|Windows-AnyCPU.ActiveCfg = Release|Any CPU
		{361A8C7A-F62B-4FDB-A4DD-F916955F58DD}.Release|Windows-AnyCPU.Build.0 = Release|Any CPU
		{361A8C7A-F62B-4FDB-A4DD-F916955F58DD}.Release|Windows-ARM.ActiveCfg = Release|Any CPU
		{361A8C7A-F62B-4FDB-A4DD-F916955F58DD}.Release|Windows-ARM.Build.0 = Release|Any CPU
		{361A8C7A-F62B-4FDB-A4DD-F916955F58DD}.Release|Windows-x64.ActiveCfg = Release|Any CPU
		{361A8C7A-F62B-4FDB-A4DD-F916955F58DD}.Release|Windows-x64.Build.0 = Release|Any CPU
		{361A8C7A-F62B-4FDB-A4DD-F916955F58DD}.Release|Windows-x86.ActiveCfg = Release|Any CPU
		{361A8C7A-F62B-4FDB-A4DD-F916955F58DD}.Release|Windows-x86.Build.0 = Release|Any CPU
		{514B8987-5352-4A2A-B42C-DE27E0750308}.Debug|Android.ActiveCfg = Debug|Any CPU
		{514B8987-5352-4A2A-B42C-DE27E0750308}.Debug|Android.Build.0 = Debug|Any CPU
		{514B8987-5352-4A2A-B42C-DE27E0750308}.Debug|Any CPU.ActiveCfg = Debug|Any CPU
		{514B8987-5352-4A2A-B42C-DE27E0750308}.Debug|Any CPU.Build.0 = Debug|Any CPU
		{514B8987-5352-4A2A-B42C-DE27E0750308}.Debug|iOS.ActiveCfg = Debug|Any CPU
		{514B8987-5352-4A2A-B42C-DE27E0750308}.Debug|iOS.Build.0 = Debug|Any CPU
		{514B8987-5352-4A2A-B42C-DE27E0750308}.Debug|Mixed Platforms.ActiveCfg = Debug|Any CPU
		{514B8987-5352-4A2A-B42C-DE27E0750308}.Debug|Mixed Platforms.Build.0 = Debug|Any CPU
		{514B8987-5352-4A2A-B42C-DE27E0750308}.Debug|Windows Phone (Universal).ActiveCfg = Debug|Any CPU
		{514B8987-5352-4A2A-B42C-DE27E0750308}.Debug|Windows Phone (Universal).Build.0 = Debug|Any CPU
		{514B8987-5352-4A2A-B42C-DE27E0750308}.Debug|Windows Phone 8.ActiveCfg = Debug|Any CPU
		{514B8987-5352-4A2A-B42C-DE27E0750308}.Debug|Windows Phone 8.Build.0 = Debug|Any CPU
		{514B8987-5352-4A2A-B42C-DE27E0750308}.Debug|Windows-AnyCPU.ActiveCfg = Debug|Any CPU
		{514B8987-5352-4A2A-B42C-DE27E0750308}.Debug|Windows-AnyCPU.Build.0 = Debug|Any CPU
		{514B8987-5352-4A2A-B42C-DE27E0750308}.Debug|Windows-ARM.ActiveCfg = Debug|Any CPU
		{514B8987-5352-4A2A-B42C-DE27E0750308}.Debug|Windows-ARM.Build.0 = Debug|Any CPU
		{514B8987-5352-4A2A-B42C-DE27E0750308}.Debug|Windows-x64.ActiveCfg = Debug|Any CPU
		{514B8987-5352-4A2A-B42C-DE27E0750308}.Debug|Windows-x64.Build.0 = Debug|Any CPU
		{514B8987-5352-4A2A-B42C-DE27E0750308}.Debug|Windows-x86.ActiveCfg = Debug|Any CPU
		{514B8987-5352-4A2A-B42C-DE27E0750308}.Debug|Windows-x86.Build.0 = Debug|Any CPU
		{514B8987-5352-4A2A-B42C-DE27E0750308}.Distribution|Android.ActiveCfg = Debug|Any CPU
		{514B8987-5352-4A2A-B42C-DE27E0750308}.Distribution|Android.Build.0 = Debug|Any CPU
		{514B8987-5352-4A2A-B42C-DE27E0750308}.Distribution|Any CPU.ActiveCfg = Debug|Any CPU
		{514B8987-5352-4A2A-B42C-DE27E0750308}.Distribution|Any CPU.Build.0 = Debug|Any CPU
		{514B8987-5352-4A2A-B42C-DE27E0750308}.Distribution|iOS.ActiveCfg = Debug|Any CPU
		{514B8987-5352-4A2A-B42C-DE27E0750308}.Distribution|iOS.Build.0 = Debug|Any CPU
		{514B8987-5352-4A2A-B42C-DE27E0750308}.Distribution|Mixed Platforms.ActiveCfg = Debug|Any CPU
		{514B8987-5352-4A2A-B42C-DE27E0750308}.Distribution|Mixed Platforms.Build.0 = Debug|Any CPU
		{514B8987-5352-4A2A-B42C-DE27E0750308}.Distribution|Windows Phone (Universal).ActiveCfg = Debug|Any CPU
		{514B8987-5352-4A2A-B42C-DE27E0750308}.Distribution|Windows Phone (Universal).Build.0 = Debug|Any CPU
		{514B8987-5352-4A2A-B42C-DE27E0750308}.Distribution|Windows Phone 8.ActiveCfg = Debug|Any CPU
		{514B8987-5352-4A2A-B42C-DE27E0750308}.Distribution|Windows Phone 8.Build.0 = Debug|Any CPU
		{514B8987-5352-4A2A-B42C-DE27E0750308}.Distribution|Windows-AnyCPU.ActiveCfg = Debug|Any CPU
		{514B8987-5352-4A2A-B42C-DE27E0750308}.Distribution|Windows-AnyCPU.Build.0 = Debug|Any CPU
		{514B8987-5352-4A2A-B42C-DE27E0750308}.Distribution|Windows-ARM.ActiveCfg = Debug|Any CPU
		{514B8987-5352-4A2A-B42C-DE27E0750308}.Distribution|Windows-ARM.Build.0 = Debug|Any CPU
		{514B8987-5352-4A2A-B42C-DE27E0750308}.Distribution|Windows-x64.ActiveCfg = Debug|Any CPU
		{514B8987-5352-4A2A-B42C-DE27E0750308}.Distribution|Windows-x64.Build.0 = Debug|Any CPU
		{514B8987-5352-4A2A-B42C-DE27E0750308}.Distribution|Windows-x86.ActiveCfg = Debug|Any CPU
		{514B8987-5352-4A2A-B42C-DE27E0750308}.Distribution|Windows-x86.Build.0 = Debug|Any CPU
		{514B8987-5352-4A2A-B42C-DE27E0750308}.Release|Android.ActiveCfg = Release|Any CPU
		{514B8987-5352-4A2A-B42C-DE27E0750308}.Release|Android.Build.0 = Release|Any CPU
		{514B8987-5352-4A2A-B42C-DE27E0750308}.Release|Any CPU.ActiveCfg = Release|Any CPU
		{514B8987-5352-4A2A-B42C-DE27E0750308}.Release|Any CPU.Build.0 = Release|Any CPU
		{514B8987-5352-4A2A-B42C-DE27E0750308}.Release|iOS.ActiveCfg = Release|Any CPU
		{514B8987-5352-4A2A-B42C-DE27E0750308}.Release|iOS.Build.0 = Release|Any CPU
		{514B8987-5352-4A2A-B42C-DE27E0750308}.Release|Mixed Platforms.ActiveCfg = Release|Any CPU
		{514B8987-5352-4A2A-B42C-DE27E0750308}.Release|Mixed Platforms.Build.0 = Release|Any CPU
		{514B8987-5352-4A2A-B42C-DE27E0750308}.Release|Windows Phone (Universal).ActiveCfg = Release|Any CPU
		{514B8987-5352-4A2A-B42C-DE27E0750308}.Release|Windows Phone (Universal).Build.0 = Release|Any CPU
		{514B8987-5352-4A2A-B42C-DE27E0750308}.Release|Windows Phone 8.ActiveCfg = Release|Any CPU
		{514B8987-5352-4A2A-B42C-DE27E0750308}.Release|Windows Phone 8.Build.0 = Release|Any CPU
		{514B8987-5352-4A2A-B42C-DE27E0750308}.Release|Windows-AnyCPU.ActiveCfg = Release|Any CPU
		{514B8987-5352-4A2A-B42C-DE27E0750308}.Release|Windows-AnyCPU.Build.0 = Release|Any CPU
		{514B8987-5352-4A2A-B42C-DE27E0750308}.Release|Windows-ARM.ActiveCfg = Release|Any CPU
		{514B8987-5352-4A2A-B42C-DE27E0750308}.Release|Windows-ARM.Build.0 = Release|Any CPU
		{514B8987-5352-4A2A-B42C-DE27E0750308}.Release|Windows-x64.ActiveCfg = Release|Any CPU
		{514B8987-5352-4A2A-B42C-DE27E0750308}.Release|Windows-x64.Build.0 = Release|Any CPU
		{514B8987-5352-4A2A-B42C-DE27E0750308}.Release|Windows-x86.ActiveCfg = Release|Any CPU
		{514B8987-5352-4A2A-B42C-DE27E0750308}.Release|Windows-x86.Build.0 = Release|Any CPU
		{C74737CF-9837-4D88-868D-B740697A53EE}.Debug|Android.ActiveCfg = Debug|Any CPU
		{C74737CF-9837-4D88-868D-B740697A53EE}.Debug|Android.Build.0 = Debug|Any CPU
		{C74737CF-9837-4D88-868D-B740697A53EE}.Debug|Any CPU.ActiveCfg = Debug|Any CPU
		{C74737CF-9837-4D88-868D-B740697A53EE}.Debug|Any CPU.Build.0 = Debug|Any CPU
		{C74737CF-9837-4D88-868D-B740697A53EE}.Debug|iOS.ActiveCfg = Debug|Any CPU
		{C74737CF-9837-4D88-868D-B740697A53EE}.Debug|iOS.Build.0 = Debug|Any CPU
		{C74737CF-9837-4D88-868D-B740697A53EE}.Debug|Mixed Platforms.ActiveCfg = Debug|Any CPU
		{C74737CF-9837-4D88-868D-B740697A53EE}.Debug|Mixed Platforms.Build.0 = Debug|Any CPU
		{C74737CF-9837-4D88-868D-B740697A53EE}.Debug|Windows Phone (Universal).ActiveCfg = Debug|Any CPU
		{C74737CF-9837-4D88-868D-B740697A53EE}.Debug|Windows Phone (Universal).Build.0 = Debug|Any CPU
		{C74737CF-9837-4D88-868D-B740697A53EE}.Debug|Windows Phone 8.ActiveCfg = Debug|Any CPU
		{C74737CF-9837-4D88-868D-B740697A53EE}.Debug|Windows Phone 8.Build.0 = Debug|Any CPU
		{C74737CF-9837-4D88-868D-B740697A53EE}.Debug|Windows-AnyCPU.ActiveCfg = Debug|Any CPU
		{C74737CF-9837-4D88-868D-B740697A53EE}.Debug|Windows-AnyCPU.Build.0 = Debug|Any CPU
		{C74737CF-9837-4D88-868D-B740697A53EE}.Debug|Windows-ARM.ActiveCfg = Debug|Any CPU
		{C74737CF-9837-4D88-868D-B740697A53EE}.Debug|Windows-ARM.Build.0 = Debug|Any CPU
		{C74737CF-9837-4D88-868D-B740697A53EE}.Debug|Windows-x64.ActiveCfg = Debug|Any CPU
		{C74737CF-9837-4D88-868D-B740697A53EE}.Debug|Windows-x64.Build.0 = Debug|Any CPU
		{C74737CF-9837-4D88-868D-B740697A53EE}.Debug|Windows-x86.ActiveCfg = Debug|Any CPU
		{C74737CF-9837-4D88-868D-B740697A53EE}.Debug|Windows-x86.Build.0 = Debug|Any CPU
		{C74737CF-9837-4D88-868D-B740697A53EE}.Distribution|Android.ActiveCfg = Debug|Any CPU
		{C74737CF-9837-4D88-868D-B740697A53EE}.Distribution|Android.Build.0 = Debug|Any CPU
		{C74737CF-9837-4D88-868D-B740697A53EE}.Distribution|Any CPU.ActiveCfg = Debug|Any CPU
		{C74737CF-9837-4D88-868D-B740697A53EE}.Distribution|Any CPU.Build.0 = Debug|Any CPU
		{C74737CF-9837-4D88-868D-B740697A53EE}.Distribution|iOS.ActiveCfg = Debug|Any CPU
		{C74737CF-9837-4D88-868D-B740697A53EE}.Distribution|iOS.Build.0 = Debug|Any CPU
		{C74737CF-9837-4D88-868D-B740697A53EE}.Distribution|Mixed Platforms.ActiveCfg = Debug|Any CPU
		{C74737CF-9837-4D88-868D-B740697A53EE}.Distribution|Mixed Platforms.Build.0 = Debug|Any CPU
		{C74737CF-9837-4D88-868D-B740697A53EE}.Distribution|Windows Phone (Universal).ActiveCfg = Debug|Any CPU
		{C74737CF-9837-4D88-868D-B740697A53EE}.Distribution|Windows Phone (Universal).Build.0 = Debug|Any CPU
		{C74737CF-9837-4D88-868D-B740697A53EE}.Distribution|Windows Phone 8.ActiveCfg = Debug|Any CPU
		{C74737CF-9837-4D88-868D-B740697A53EE}.Distribution|Windows Phone 8.Build.0 = Debug|Any CPU
		{C74737CF-9837-4D88-868D-B740697A53EE}.Distribution|Windows-AnyCPU.ActiveCfg = Debug|Any CPU
		{C74737CF-9837-4D88-868D-B740697A53EE}.Distribution|Windows-AnyCPU.Build.0 = Debug|Any CPU
		{C74737CF-9837-4D88-868D-B740697A53EE}.Distribution|Windows-ARM.ActiveCfg = Debug|Any CPU
		{C74737CF-9837-4D88-868D-B740697A53EE}.Distribution|Windows-ARM.Build.0 = Debug|Any CPU
		{C74737CF-9837-4D88-868D-B740697A53EE}.Distribution|Windows-x64.ActiveCfg = Debug|Any CPU
		{C74737CF-9837-4D88-868D-B740697A53EE}.Distribution|Windows-x64.Build.0 = Debug|Any CPU
		{C74737CF-9837-4D88-868D-B740697A53EE}.Distribution|Windows-x86.ActiveCfg = Debug|Any CPU
		{C74737CF-9837-4D88-868D-B740697A53EE}.Distribution|Windows-x86.Build.0 = Debug|Any CPU
		{C74737CF-9837-4D88-868D-B740697A53EE}.Release|Android.ActiveCfg = Release|Any CPU
		{C74737CF-9837-4D88-868D-B740697A53EE}.Release|Android.Build.0 = Release|Any CPU
		{C74737CF-9837-4D88-868D-B740697A53EE}.Release|Any CPU.ActiveCfg = Release|Any CPU
		{C74737CF-9837-4D88-868D-B740697A53EE}.Release|Any CPU.Build.0 = Release|Any CPU
		{C74737CF-9837-4D88-868D-B740697A53EE}.Release|iOS.ActiveCfg = Release|Any CPU
		{C74737CF-9837-4D88-868D-B740697A53EE}.Release|iOS.Build.0 = Release|Any CPU
		{C74737CF-9837-4D88-868D-B740697A53EE}.Release|Mixed Platforms.ActiveCfg = Release|Any CPU
		{C74737CF-9837-4D88-868D-B740697A53EE}.Release|Mixed Platforms.Build.0 = Release|Any CPU
		{C74737CF-9837-4D88-868D-B740697A53EE}.Release|Windows Phone (Universal).ActiveCfg = Release|Any CPU
		{C74737CF-9837-4D88-868D-B740697A53EE}.Release|Windows Phone (Universal).Build.0 = Release|Any CPU
		{C74737CF-9837-4D88-868D-B740697A53EE}.Release|Windows Phone 8.ActiveCfg = Release|Any CPU
		{C74737CF-9837-4D88-868D-B740697A53EE}.Release|Windows Phone 8.Build.0 = Release|Any CPU
		{C74737CF-9837-4D88-868D-B740697A53EE}.Release|Windows-AnyCPU.ActiveCfg = Release|Any CPU
		{C74737CF-9837-4D88-868D-B740697A53EE}.Release|Windows-AnyCPU.Build.0 = Release|Any CPU
		{C74737CF-9837-4D88-868D-B740697A53EE}.Release|Windows-ARM.ActiveCfg = Release|Any CPU
		{C74737CF-9837-4D88-868D-B740697A53EE}.Release|Windows-ARM.Build.0 = Release|Any CPU
		{C74737CF-9837-4D88-868D-B740697A53EE}.Release|Windows-x64.ActiveCfg = Release|Any CPU
		{C74737CF-9837-4D88-868D-B740697A53EE}.Release|Windows-x64.Build.0 = Release|Any CPU
		{C74737CF-9837-4D88-868D-B740697A53EE}.Release|Windows-x86.ActiveCfg = Release|Any CPU
		{C74737CF-9837-4D88-868D-B740697A53EE}.Release|Windows-x86.Build.0 = Release|Any CPU
	EndGlobalSection
	GlobalSection(SolutionProperties) = preSolution
		HideSolutionNode = FALSE
	EndGlobalSection
	GlobalSection(NestedProjects) = preSolution
		{3F570C6C-6DB7-485D-8A19-89E05DD8824D} = {F210D292-2EB1-4F49-B7B7-0494A00CE4A3}
		{6779A99B-AAF6-45F2-AC59-EEE8715F6E94} = {F210D292-2EB1-4F49-B7B7-0494A00CE4A3}
		{48CE4FD7-CFF0-4BEF-A4F2-794309FC0EB3} = {0536CAC4-C6C9-4199-9EC5-926025DE9BD0}
		{BBB4FEBE-8007-47E5-902B-C4E7027681E0} = {0536CAC4-C6C9-4199-9EC5-926025DE9BD0}
		{361A8C7A-F62B-4FDB-A4DD-F916955F58DD} = {D4A22F79-E439-44ED-A861-27E35CD29485}
		{514B8987-5352-4A2A-B42C-DE27E0750308} = {D4A22F79-E439-44ED-A861-27E35CD29485}
		{C74737CF-9837-4D88-868D-B740697A53EE} = {0FD1FB3E-337C-41D3-9BFE-A7638FE1F419}
	EndGlobalSection
EndGlobal
